// !$*UTF8*$!
{
	archiveVersion = 1;
	classes = {
	};
	objectVersion = 55;
	objects = {

/* Begin PBXBuildFile section */
		9A4EE27D28CB5A9300905FF9 /* CSState.swift in Sources */ = {isa = PBXBuildFile; fileRef = 9A4EE27C28CB5A9300905FF9 /* CSState.swift */; };
		9A4EE30E28CB610600905FF9 /* CSSport.swift in Sources */ = {isa = PBXBuildFile; fileRef = 9A4EE30D28CB610600905FF9 /* CSSport.swift */; };
		9A4EE31028CB613F00905FF9 /* CSTournament.swift in Sources */ = {isa = PBXBuildFile; fileRef = 9A4EE30F28CB613F00905FF9 /* CSTournament.swift */; };
		9A4EE31328CF40C000905FF9 /* CyberSportMainState.swift in Sources */ = {isa = PBXBuildFile; fileRef = 9A4EE31228CF40C000905FF9 /* CyberSportMainState.swift */; };
		9A4EE31528CF43F900905FF9 /* CSFilters.swift in Sources */ = {isa = PBXBuildFile; fileRef = 9A4EE31428CF43F900905FF9 /* CSFilters.swift */; };
		9A4EE31C28CF4D5200905FF9 /* CyberSportGameCell.swift in Sources */ = {isa = PBXBuildFile; fileRef = 9A4EE31728CF4D5200905FF9 /* CyberSportGameCell.swift */; };
		9A4EE31D28CF4D5200905FF9 /* CyberSportGamesCollection.swift in Sources */ = {isa = PBXBuildFile; fileRef = 9A4EE31828CF4D5200905FF9 /* CyberSportGamesCollection.swift */; };
		9A4EE31E28CF4D5200905FF9 /* CyberSportIconView.swift in Sources */ = {isa = PBXBuildFile; fileRef = 9A4EE31928CF4D5200905FF9 /* CyberSportIconView.swift */; };
		9A4EE31F28CF4D5200905FF9 /* CyberSportGameSkeletonCell.swift in Sources */ = {isa = PBXBuildFile; fileRef = 9A4EE31A28CF4D5200905FF9 /* CyberSportGameSkeletonCell.swift */; };
		9A4EE32028CF4D5200905FF9 /* CyberSportIconImageView.swift in Sources */ = {isa = PBXBuildFile; fileRef = 9A4EE31B28CF4D5200905FF9 /* CyberSportIconImageView.swift */; };
		9A4EE32228CF56AB00905FF9 /* Reusable.swift in Sources */ = {isa = PBXBuildFile; fileRef = 9A4EE32128CF56AB00905FF9 /* Reusable.swift */; };
		9A4EE32428CF570300905FF9 /* CSType.swift in Sources */ = {isa = PBXBuildFile; fileRef = 9A4EE32328CF570300905FF9 /* CSType.swift */; };
		9A4EE32628CF5C8000905FF9 /* UIColor.swift in Sources */ = {isa = PBXBuildFile; fileRef = 9A4EE32528CF5C8000905FF9 /* UIColor.swift */; };
		9A4EE32828CF637D00905FF9 /* Extensions.swift in Sources */ = {isa = PBXBuildFile; fileRef = 9A4EE32728CF637D00905FF9 /* Extensions.swift */; };
		9A4EE32A28CF818600905FF9 /* CyberSportTournamentsCollection.swift in Sources */ = {isa = PBXBuildFile; fileRef = 9A4EE32928CF818500905FF9 /* CyberSportTournamentsCollection.swift */; };
		9A4EE33428CF877B00905FF9 /* CSTournamentHeader.swift in Sources */ = {isa = PBXBuildFile; fileRef = 9A4EE32E28CF877B00905FF9 /* CSTournamentHeader.swift */; };
		9A4EE33528CF877B00905FF9 /* CSMatchSkeletonCell.swift in Sources */ = {isa = PBXBuildFile; fileRef = 9A4EE33028CF877B00905FF9 /* CSMatchSkeletonCell.swift */; };
		9A4EE33628CF877B00905FF9 /* CSMatchBaseCell.swift in Sources */ = {isa = PBXBuildFile; fileRef = 9A4EE33128CF877B00905FF9 /* CSMatchBaseCell.swift */; };
		9A4EE33C28CF8E7F00905FF9 /* CSStake.swift in Sources */ = {isa = PBXBuildFile; fileRef = 9A4EE33B28CF8E7F00905FF9 /* CSStake.swift */; };
		9A4EE34128D07DE500905FF9 /* CSPeriodScore.swift in Sources */ = {isa = PBXBuildFile; fileRef = 9A4EE33D28D07DE400905FF9 /* CSPeriodScore.swift */; };
		9A4EE34228D07DE500905FF9 /* CSScoreboard.swift in Sources */ = {isa = PBXBuildFile; fileRef = 9A4EE33E28D07DE400905FF9 /* CSScoreboard.swift */; };
		9A4EE34328D07DE500905FF9 /* CSStream.swift in Sources */ = {isa = PBXBuildFile; fileRef = 9A4EE33F28D07DE400905FF9 /* CSStream.swift */; };
		9A4EE34428D07DE500905FF9 /* CSTeam.swift in Sources */ = {isa = PBXBuildFile; fileRef = 9A4EE34028D07DE500905FF9 /* CSTeam.swift */; };
		9A4EE36228D0809300905FF9 /* Giorgio Sans LCG Heavy.otf in Resources */ = {isa = PBXBuildFile; fileRef = 9A4EE34728D0809200905FF9 /* Giorgio Sans LCG Heavy.otf */; };
		9A4EE36328D0809300905FF9 /* Giorgio Sans LCG Bold Italic.otf in Resources */ = {isa = PBXBuildFile; fileRef = 9A4EE34828D0809200905FF9 /* Giorgio Sans LCG Bold Italic.otf */; };
		9A4EE36428D0809300905FF9 /* Giorgio Sans LCG Medium Italic.otf in Resources */ = {isa = PBXBuildFile; fileRef = 9A4EE34928D0809200905FF9 /* Giorgio Sans LCG Medium Italic.otf */; };
		9A4EE36528D0809300905FF9 /* Giorgio Sans LCG Regular Italic.otf in Resources */ = {isa = PBXBuildFile; fileRef = 9A4EE34A28D0809200905FF9 /* Giorgio Sans LCG Regular Italic.otf */; };
		9A4EE36628D0809300905FF9 /* Giorgio Sans LCG Extralight Italic.otf in Resources */ = {isa = PBXBuildFile; fileRef = 9A4EE34B28D0809200905FF9 /* Giorgio Sans LCG Extralight Italic.otf */; };
		9A4EE36728D0809300905FF9 /* Giorgio Sans LCG Thin Italic.otf in Resources */ = {isa = PBXBuildFile; fileRef = 9A4EE34C28D0809200905FF9 /* Giorgio Sans LCG Thin Italic.otf */; };
		9A4EE36828D0809300905FF9 /* Giorgio Sans LCG Regular.otf in Resources */ = {isa = PBXBuildFile; fileRef = 9A4EE34D28D0809200905FF9 /* Giorgio Sans LCG Regular.otf */; };
		9A4EE36928D0809300905FF9 /* Giorgio Sans LCG Black Italic.otf in Resources */ = {isa = PBXBuildFile; fileRef = 9A4EE34E28D0809200905FF9 /* Giorgio Sans LCG Black Italic.otf */; };
		9A4EE36A28D0809300905FF9 /* Giorgio Sans LCG Medium.otf in Resources */ = {isa = PBXBuildFile; fileRef = 9A4EE34F28D0809200905FF9 /* Giorgio Sans LCG Medium.otf */; };
		9A4EE36B28D0809300905FF9 /* Giorgio Sans LCG Light.otf in Resources */ = {isa = PBXBuildFile; fileRef = 9A4EE35028D0809200905FF9 /* Giorgio Sans LCG Light.otf */; };
		9A4EE36C28D0809300905FF9 /* Giorgio Sans LCG Heavy Italic.otf in Resources */ = {isa = PBXBuildFile; fileRef = 9A4EE35128D0809200905FF9 /* Giorgio Sans LCG Heavy Italic.otf */; };
		9A4EE36D28D0809300905FF9 /* Giorgio Sans LCG Thin.otf in Resources */ = {isa = PBXBuildFile; fileRef = 9A4EE35228D0809200905FF9 /* Giorgio Sans LCG Thin.otf */; };
		9A4EE36E28D0809300905FF9 /* Giorgio Sans LCG Black.otf in Resources */ = {isa = PBXBuildFile; fileRef = 9A4EE35328D0809200905FF9 /* Giorgio Sans LCG Black.otf */; };
		9A4EE36F28D0809300905FF9 /* Giorgio Sans LCG Extralight.otf in Resources */ = {isa = PBXBuildFile; fileRef = 9A4EE35428D0809200905FF9 /* Giorgio Sans LCG Extralight.otf */; };
		9A4EE37028D0809300905FF9 /* Giorgio Sans LCG Light Italic.otf in Resources */ = {isa = PBXBuildFile; fileRef = 9A4EE35528D0809200905FF9 /* Giorgio Sans LCG Light Italic.otf */; };
		9A4EE37128D0809300905FF9 /* Lato_BB-Bold.otf in Resources */ = {isa = PBXBuildFile; fileRef = 9A4EE35728D0809200905FF9 /* Lato_BB-Bold.otf */; };
		9A4EE37228D0809300905FF9 /* Lato_BB-Regular.otf in Resources */ = {isa = PBXBuildFile; fileRef = 9A4EE35828D0809200905FF9 /* Lato_BB-Regular.otf */; };
		9A4EE37328D0809300905FF9 /* Lucita Grande-Bold.ttf in Resources */ = {isa = PBXBuildFile; fileRef = 9A4EE35928D0809200905FF9 /* Lucita Grande-Bold.ttf */; };
		9A4EE37428D0809300905FF9 /* SFProDisplay-Regular.ttf in Resources */ = {isa = PBXBuildFile; fileRef = 9A4EE35B28D0809200905FF9 /* SFProDisplay-Regular.ttf */; };
		9A4EE37528D0809300905FF9 /* Giorgio Sans LCG Bold.otf in Resources */ = {isa = PBXBuildFile; fileRef = 9A4EE35C28D0809200905FF9 /* Giorgio Sans LCG Bold.otf */; };
		9A4EE37628D0809300905FF9 /* Lucita Grande.ttf in Resources */ = {isa = PBXBuildFile; fileRef = 9A4EE35D28D0809200905FF9 /* Lucita Grande.ttf */; };
		9A4EE37728D0809300905FF9 /* Gilroy_BB-Bold.otf in Resources */ = {isa = PBXBuildFile; fileRef = 9A4EE35F28D0809300905FF9 /* Gilroy_BB-Bold.otf */; };
		9A4EE37828D0809300905FF9 /* Gilroy-Medium.otf in Resources */ = {isa = PBXBuildFile; fileRef = 9A4EE36028D0809300905FF9 /* Gilroy-Medium.otf */; };
		9A4EE37928D0809300905FF9 /* Gilroy-Bold.otf in Resources */ = {isa = PBXBuildFile; fileRef = 9A4EE36128D0809300905FF9 /* Gilroy-Bold.otf */; };
		9A790DD028C9F358009F2AA4 /* AppDelegate.swift in Sources */ = {isa = PBXBuildFile; fileRef = 9A790DCF28C9F358009F2AA4 /* AppDelegate.swift */; };
		9A790DD228C9F358009F2AA4 /* SceneDelegate.swift in Sources */ = {isa = PBXBuildFile; fileRef = 9A790DD128C9F358009F2AA4 /* SceneDelegate.swift */; };
		9A790DD728C9F358009F2AA4 /* Main.storyboard in Resources */ = {isa = PBXBuildFile; fileRef = 9A790DD528C9F358009F2AA4 /* Main.storyboard */; };
		9A790DD928C9F35C009F2AA4 /* Assets.xcassets in Resources */ = {isa = PBXBuildFile; fileRef = 9A790DD828C9F35C009F2AA4 /* Assets.xcassets */; };
		9A790DDC28C9F35C009F2AA4 /* LaunchScreen.storyboard in Resources */ = {isa = PBXBuildFile; fileRef = 9A790DDA28C9F35C009F2AA4 /* LaunchScreen.storyboard */; };
		9A790DE428C9F8C7009F2AA4 /* MainViewController.swift in Sources */ = {isa = PBXBuildFile; fileRef = 9A790DE328C9F8C7009F2AA4 /* MainViewController.swift */; };
		9A790DE928CA1D1C009F2AA4 /* MainPresenter.swift in Sources */ = {isa = PBXBuildFile; fileRef = 9A790DE828CA1D1C009F2AA4 /* MainPresenter.swift */; };
		9A790DEB28CA1D24009F2AA4 /* MainInteractor.swift in Sources */ = {isa = PBXBuildFile; fileRef = 9A790DEA28CA1D24009F2AA4 /* MainInteractor.swift */; };
		9A790DEE28CA1D77009F2AA4 /* MainOutput.swift in Sources */ = {isa = PBXBuildFile; fileRef = 9A790DED28CA1D77009F2AA4 /* MainOutput.swift */; };
		9A790DF028CA1D81009F2AA4 /* MainViewInput.swift in Sources */ = {isa = PBXBuildFile; fileRef = 9A790DEF28CA1D81009F2AA4 /* MainViewInput.swift */; };
		9A790DF628CA1E27009F2AA4 /* ViewOutput.swift in Sources */ = {isa = PBXBuildFile; fileRef = 9A790DF528CA1E27009F2AA4 /* ViewOutput.swift */; };
		9A790DF828CA1E82009F2AA4 /* ViewInput.swift in Sources */ = {isa = PBXBuildFile; fileRef = 9A790DF728CA1E82009F2AA4 /* ViewInput.swift */; };
		9A790E2028CA29CB009F2AA4 /* etw_model_match.pb.swift in Sources */ = {isa = PBXBuildFile; fileRef = 9A790DFC28CA29CB009F2AA4 /* etw_model_match.pb.swift */; };
		9A790E2128CA29CB009F2AA4 /* etw_model_stake.pb.swift in Sources */ = {isa = PBXBuildFile; fileRef = 9A790DFD28CA29CB009F2AA4 /* etw_model_stake.pb.swift */; };
		9A790E2228CA29CB009F2AA4 /* etw_model_sport.pb.swift in Sources */ = {isa = PBXBuildFile; fileRef = 9A790DFE28CA29CB009F2AA4 /* etw_model_sport.pb.swift */; };
		9A790E2328CA29CB009F2AA4 /* etw_model_tournament.pb.swift in Sources */ = {isa = PBXBuildFile; fileRef = 9A790DFF28CA29CB009F2AA4 /* etw_model_tournament.pb.swift */; };
		9A790E2428CA29CB009F2AA4 /* etw_common_errors.pb.swift in Sources */ = {isa = PBXBuildFile; fileRef = 9A790E0128CA29CB009F2AA4 /* etw_common_errors.pb.swift */; };
		9A790E2528CA29CB009F2AA4 /* etw_rpc_subscribe_sport.pb.swift in Sources */ = {isa = PBXBuildFile; fileRef = 9A790E0328CA29CB009F2AA4 /* etw_rpc_subscribe_sport.pb.swift */; };
		9A790E2628CA29CB009F2AA4 /* etw_rpc_subscribe_full_match.pb.swift in Sources */ = {isa = PBXBuildFile; fileRef = 9A790E0428CA29CB009F2AA4 /* etw_rpc_subscribe_full_match.pb.swift */; };
		9A790E2728CA29CB009F2AA4 /* etw_rpc_newsletter_stake.pb.swift in Sources */ = {isa = PBXBuildFile; fileRef = 9A790E0628CA29CB009F2AA4 /* etw_rpc_newsletter_stake.pb.swift */; };
		9A790E2828CA29CB009F2AA4 /* etw_rpc_newsletter_full_match.pb.swift in Sources */ = {isa = PBXBuildFile; fileRef = 9A790E0728CA29CB009F2AA4 /* etw_rpc_newsletter_full_match.pb.swift */; };
		9A790E2928CA29CB009F2AA4 /* etw_rpc_newsletter_match.pb.swift in Sources */ = {isa = PBXBuildFile; fileRef = 9A790E0828CA29CB009F2AA4 /* etw_rpc_newsletter_match.pb.swift */; };
		9A790E2A28CA29CB009F2AA4 /* etw_rpc_newsletter_state.pb.swift in Sources */ = {isa = PBXBuildFile; fileRef = 9A790E0928CA29CB009F2AA4 /* etw_rpc_newsletter_state.pb.swift */; };
		9A790E2B28CA29CB009F2AA4 /* etw_rpc_newsletter_tournament.pb.swift in Sources */ = {isa = PBXBuildFile; fileRef = 9A790E0A28CA29CB009F2AA4 /* etw_rpc_newsletter_tournament.pb.swift */; };
		9A790E2C28CA29CB009F2AA4 /* etw_rpc_newsletter_sport.pb.swift in Sources */ = {isa = PBXBuildFile; fileRef = 9A790E0B28CA29CB009F2AA4 /* etw_rpc_newsletter_sport.pb.swift */; };
		9A790E2D28CA29CB009F2AA4 /* etw_rpc_unsubscribe.pb.swift in Sources */ = {isa = PBXBuildFile; fileRef = 9A790E0C28CA29CB009F2AA4 /* etw_rpc_unsubscribe.pb.swift */; };
		9A790E2E28CA29CB009F2AA4 /* etw__rpc_default.pb.swift in Sources */ = {isa = PBXBuildFile; fileRef = 9A790E0D28CA29CB009F2AA4 /* etw__rpc_default.pb.swift */; };
		9A790E2F28CA29CB009F2AA4 /* etw_rpc_set_settings.pb.swift in Sources */ = {isa = PBXBuildFile; fileRef = 9A790E0E28CA29CB009F2AA4 /* etw_rpc_set_settings.pb.swift */; };
		9A790E3028CA29CB009F2AA4 /* etw_rpc_unsubscribe_sport.pb.swift in Sources */ = {isa = PBXBuildFile; fileRef = 9A790E0F28CA29CB009F2AA4 /* etw_rpc_unsubscribe_sport.pb.swift */; };
		9A790E3128CA29CB009F2AA4 /* etw_rpc_unsubscribe_full_tournament.pb.swift in Sources */ = {isa = PBXBuildFile; fileRef = 9A790E1028CA29CB009F2AA4 /* etw_rpc_unsubscribe_full_tournament.pb.swift */; };
		9A790E3228CA29CB009F2AA4 /* etw_rpc_unsubscribe_tournament.pb.swift in Sources */ = {isa = PBXBuildFile; fileRef = 9A790E1128CA29CB009F2AA4 /* etw_rpc_unsubscribe_tournament.pb.swift */; };
		9A790E3328CA29CB009F2AA4 /* etw_rpc_ping.pb.swift in Sources */ = {isa = PBXBuildFile; fileRef = 9A790E1228CA29CB009F2AA4 /* etw_rpc_ping.pb.swift */; };
		9A790E3428CA29CB009F2AA4 /* etw_rpc_unsubscribe_stake.pb.swift in Sources */ = {isa = PBXBuildFile; fileRef = 9A790E1328CA29CB009F2AA4 /* etw_rpc_unsubscribe_stake.pb.swift */; };
		9A790E3528CA29CB009F2AA4 /* etw_rpc_subscribe_state.pb.swift in Sources */ = {isa = PBXBuildFile; fileRef = 9A790E1428CA29CB009F2AA4 /* etw_rpc_subscribe_state.pb.swift */; };
		9A790E3628CA29CB009F2AA4 /* etw_rpc_unsubscribe_full_match.pb.swift in Sources */ = {isa = PBXBuildFile; fileRef = 9A790E1528CA29CB009F2AA4 /* etw_rpc_unsubscribe_full_match.pb.swift */; };
		9A790E3728CA29CB009F2AA4 /* etw_rpc_unsubscribe_match.pb.swift in Sources */ = {isa = PBXBuildFile; fileRef = 9A790E1628CA29CB009F2AA4 /* etw_rpc_unsubscribe_match.pb.swift */; };
		9A790E3828CA29CB009F2AA4 /* etw_rpc_subscribe_full_tournament.pb.swift in Sources */ = {isa = PBXBuildFile; fileRef = 9A790E1728CA29CB009F2AA4 /* etw_rpc_subscribe_full_tournament.pb.swift */; };
		9A790E3928CA29CB009F2AA4 /* etw_rpc_subscribe_tournament.pb.swift in Sources */ = {isa = PBXBuildFile; fileRef = 9A790E1828CA29CB009F2AA4 /* etw_rpc_subscribe_tournament.pb.swift */; };
		9A790E3A28CA29CB009F2AA4 /* etw_rpc_subscribe_match.pb.swift in Sources */ = {isa = PBXBuildFile; fileRef = 9A790E1928CA29CB009F2AA4 /* etw_rpc_subscribe_match.pb.swift */; };
		9A790E3B28CA29CB009F2AA4 /* etw_rpc_unsubscribe_state.pb.swift in Sources */ = {isa = PBXBuildFile; fileRef = 9A790E1A28CA29CB009F2AA4 /* etw_rpc_unsubscribe_state.pb.swift */; };
		9A790E3C28CA29CB009F2AA4 /* etw_rpc_subscribe_stake.pb.swift in Sources */ = {isa = PBXBuildFile; fileRef = 9A790E1B28CA29CB009F2AA4 /* etw_rpc_subscribe_stake.pb.swift */; };
		9A790E3D28CA29CB009F2AA4 /* CyberOdinWsService.swift in Sources */ = {isa = PBXBuildFile; fileRef = 9A790E1C28CA29CB009F2AA4 /* CyberOdinWsService.swift */; };
		9A790E3E28CA29CB009F2AA4 /* CyberOdinWsServiceSubjects.swift in Sources */ = {isa = PBXBuildFile; fileRef = 9A790E1D28CA29CB009F2AA4 /* CyberOdinWsServiceSubjects.swift */; };
		9A790E3F28CA29CB009F2AA4 /* CyberOdinWsServiceInterface.swift in Sources */ = {isa = PBXBuildFile; fileRef = 9A790E1E28CA29CB009F2AA4 /* CyberOdinWsServiceInterface.swift */; };
		9A790E4028CA29CB009F2AA4 /* CyberOdinWsServiceDependency.swift in Sources */ = {isa = PBXBuildFile; fileRef = 9A790E1F28CA29CB009F2AA4 /* CyberOdinWsServiceDependency.swift */; };
		9A790EA828CA3617009F2AA4 /* WsService.swift in Sources */ = {isa = PBXBuildFile; fileRef = 9A790E7A28CA3616009F2AA4 /* WsService.swift */; };
		9A790EAA28CA368B009F2AA4 /* CSMatch.swift in Sources */ = {isa = PBXBuildFile; fileRef = 9A790EA928CA368B009F2AA4 /* CSMatch.swift */; };
		9A79191228D08CF200062946 /* bets_history_v3_get_event_result.pb.swift in Sources */ = {isa = PBXBuildFile; fileRef = 9A79191128D08CF200062946 /* bets_history_v3_get_event_result.pb.swift */; };
		9A79191A28D08DC200062946 /* TournamentSkeletonCHeader.swift in Sources */ = {isa = PBXBuildFile; fileRef = 9A79191928D08DC200062946 /* TournamentSkeletonCHeader.swift */; };
		9A79191E28D08E5700062946 /* CSStakeCell.swift in Sources */ = {isa = PBXBuildFile; fileRef = 9A79191D28D08E5700062946 /* CSStakeCell.swift */; };
		9A79192028D08ECD00062946 /* CSMoreStakesCell.swift in Sources */ = {isa = PBXBuildFile; fileRef = 9A79191F28D08ECD00062946 /* CSMoreStakesCell.swift */; };
		9A79192428D08F6B00062946 /* errors.pb.swift in Sources */ = {isa = PBXBuildFile; fileRef = 9A79192328D08F6B00062946 /* errors.pb.swift */; };
		9A79192628D08FA300062946 /* Colors.swift in Sources */ = {isa = PBXBuildFile; fileRef = 9A79192528D08FA300062946 /* Colors.swift */; };
		9A79192B28D0907B00062946 /* stake.pb.swift in Sources */ = {isa = PBXBuildFile; fileRef = 9A79192A28D0907B00062946 /* stake.pb.swift */; };
		9A79192D28D0934900062946 /* Sport.swift in Sources */ = {isa = PBXBuildFile; fileRef = 9A79192C28D0934800062946 /* Sport.swift */; };
		9A79192F28D093B800062946 /* match.pb.swift in Sources */ = {isa = PBXBuildFile; fileRef = 9A79192E28D093B800062946 /* match.pb.swift */; };
		9A79193128D0940000062946 /* tournament.pb.swift in Sources */ = {isa = PBXBuildFile; fileRef = 9A79193028D093FF00062946 /* tournament.pb.swift */; };
		9A79193328D0943A00062946 /* sport.pb.swift in Sources */ = {isa = PBXBuildFile; fileRef = 9A79193228D0943A00062946 /* sport.pb.swift */; };
		9A79193528D0947400062946 /* subscribe_state.pb.swift in Sources */ = {isa = PBXBuildFile; fileRef = 9A79193428D0947400062946 /* subscribe_state.pb.swift */; };
		9A79193728D094A300062946 /* ws2_errors.pb.swift in Sources */ = {isa = PBXBuildFile; fileRef = 9A79193628D094A300062946 /* ws2_errors.pb.swift */; };
		9A79193928D0976700062946 /* R.generated.swift in Sources */ = {isa = PBXBuildFile; fileRef = 9A79193828D0976700062946 /* R.generated.swift */; };
		9A79193B28D0B9C000062946 /* CyberSportFiltersCollection.swift in Sources */ = {isa = PBXBuildFile; fileRef = 9A79193A28D0B9C000062946 /* CyberSportFiltersCollection.swift */; };
		9A79193D28D0C07B00062946 /* CyberSportFilterCell.swift in Sources */ = {isa = PBXBuildFile; fileRef = 9A79193C28D0C07B00062946 /* CyberSportFilterCell.swift */; };
		9A79194028D1E94800062946 /* BroadcastViewController.swift in Sources */ = {isa = PBXBuildFile; fileRef = 9A79193F28D1E94800062946 /* BroadcastViewController.swift */; };
		9A79194428D204CC00062946 /* CSDetailsHeaderTranslationView.swift in Sources */ = {isa = PBXBuildFile; fileRef = 9A79194328D204CB00062946 /* CSDetailsHeaderTranslationView.swift */; };
		9ACBA99B28D485A300E73AAF /* NewCSStakesCell.swift in Sources */ = {isa = PBXBuildFile; fileRef = 9ACBA99A28D485A300E73AAF /* NewCSStakesCell.swift */; };
		9ACBA99D28D89FEE00E73AAF /* CSDefaultMatchCell.swift in Sources */ = {isa = PBXBuildFile; fileRef = 9ACBA99C28D89FEE00E73AAF /* CSDefaultMatchCell.swift */; };
		9ACBA99E28D8C00800E73AAF /* CSStakesCollection.swift in Sources */ = {isa = PBXBuildFile; fileRef = 9A4EE33928CF8E3800905FF9 /* CSStakesCollection.swift */; };
		9ACBA9A028D9E99500E73AAF /* CyberSportPlaceholderView.swift in Sources */ = {isa = PBXBuildFile; fileRef = 9ACBA99F28D9E99400E73AAF /* CyberSportPlaceholderView.swift */; };
		9ACBA9A228D9EAF600E73AAF /* illustration_7.json in Resources */ = {isa = PBXBuildFile; fileRef = 9ACBA9A128D9EAF500E73AAF /* illustration_7.json */; };
		9ACBA9A528DA10EE00E73AAF /* Localizable.strings in Resources */ = {isa = PBXBuildFile; fileRef = 9ACBA9A728DA10EE00E73AAF /* Localizable.strings */; };
		9AE4764528D3380800E59FC0 /* Roboto-Medium.ttf in Resources */ = {isa = PBXBuildFile; fileRef = 9AE4763928D3380800E59FC0 /* Roboto-Medium.ttf */; };
		9AE4764628D3380800E59FC0 /* Roboto-Light.ttf in Resources */ = {isa = PBXBuildFile; fileRef = 9AE4763A28D3380800E59FC0 /* Roboto-Light.ttf */; };
		9AE4764728D3380800E59FC0 /* Roboto-Regular.ttf in Resources */ = {isa = PBXBuildFile; fileRef = 9AE4763B28D3380800E59FC0 /* Roboto-Regular.ttf */; };
		9AE4764828D3380800E59FC0 /* Roboto-MediumItalic.ttf in Resources */ = {isa = PBXBuildFile; fileRef = 9AE4763C28D3380800E59FC0 /* Roboto-MediumItalic.ttf */; };
		9AE4764928D3380800E59FC0 /* Roboto-ThinItalic.ttf in Resources */ = {isa = PBXBuildFile; fileRef = 9AE4763D28D3380800E59FC0 /* Roboto-ThinItalic.ttf */; };
		9AE4764A28D3380800E59FC0 /* Roboto-BoldItalic.ttf in Resources */ = {isa = PBXBuildFile; fileRef = 9AE4763E28D3380800E59FC0 /* Roboto-BoldItalic.ttf */; };
		9AE4764B28D3380800E59FC0 /* Roboto-LightItalic.ttf in Resources */ = {isa = PBXBuildFile; fileRef = 9AE4763F28D3380800E59FC0 /* Roboto-LightItalic.ttf */; };
		9AE4764C28D3380800E59FC0 /* Roboto-Italic.ttf in Resources */ = {isa = PBXBuildFile; fileRef = 9AE4764028D3380800E59FC0 /* Roboto-Italic.ttf */; };
		9AE4764D28D3380800E59FC0 /* Roboto-BlackItalic.ttf in Resources */ = {isa = PBXBuildFile; fileRef = 9AE4764128D3380800E59FC0 /* Roboto-BlackItalic.ttf */; };
		9AE4764E28D3380800E59FC0 /* Roboto-Bold.ttf in Resources */ = {isa = PBXBuildFile; fileRef = 9AE4764228D3380800E59FC0 /* Roboto-Bold.ttf */; };
		9AE4764F28D3380800E59FC0 /* Roboto-Thin.ttf in Resources */ = {isa = PBXBuildFile; fileRef = 9AE4764328D3380800E59FC0 /* Roboto-Thin.ttf */; };
		9AE4765028D3380800E59FC0 /* Roboto-Black.ttf in Resources */ = {isa = PBXBuildFile; fileRef = 9AE4764428D3380800E59FC0 /* Roboto-Black.ttf */; };
		9AE4765228D33BD500E59FC0 /* NavigationController.swift in Sources */ = {isa = PBXBuildFile; fileRef = 9AE4765128D33BD500E59FC0 /* NavigationController.swift */; };
		9AE4765428D355F100E59FC0 /* MakeBetVIewController.swift in Sources */ = {isa = PBXBuildFile; fileRef = 9AE4765328D355F100E59FC0 /* MakeBetVIewController.swift */; };
		9AF4CE7E28E33EE8002CBC2D /* ConnectManager.swift in Sources */ = {isa = PBXBuildFile; fileRef = 9AF4CE7B28E33EE7002CBC2D /* ConnectManager.swift */; };
		9AF4CE7F28E33EE8002CBC2D /* ConnectManagerInterface.swift in Sources */ = {isa = PBXBuildFile; fileRef = 9AF4CE7C28E33EE7002CBC2D /* ConnectManagerInterface.swift */; };
		9AF4CE8028E33EE8002CBC2D /* ConnectManagerDependency.swift in Sources */ = {isa = PBXBuildFile; fileRef = 9AF4CE7D28E33EE7002CBC2D /* ConnectManagerDependency.swift */; };
		9AF76E1128DDB9730040E574 /* NoConnectionViewController.swift in Sources */ = {isa = PBXBuildFile; fileRef = 9AF76E1028DDB9730040E574 /* NoConnectionViewController.swift */; };
		9AF76E1328DDC3EB0040E574 /* illustration_6.json in Resources */ = {isa = PBXBuildFile; fileRef = 9AF76E1228DDC3EB0040E574 /* illustration_6.json */; };
		9AF76E1528DE12810040E574 /* CyberSportFilterSkeletonCell.swift in Sources */ = {isa = PBXBuildFile; fileRef = 9AF76E1428DE12810040E574 /* CyberSportFilterSkeletonCell.swift */; };
		C0652570D0F4EDD11EC0DA28 /* Pods_BroadcastOnline.framework in Frameworks */ = {isa = PBXBuildFile; fileRef = 4583E1805C4D1C81C0CC5FCF /* Pods_BroadcastOnline.framework */; };
/* End PBXBuildFile section */

/* Begin PBXFileReference section */
		4583E1805C4D1C81C0CC5FCF /* Pods_BroadcastOnline.framework */ = {isa = PBXFileReference; explicitFileType = wrapper.framework; includeInIndex = 0; path = Pods_BroadcastOnline.framework; sourceTree = BUILT_PRODUCTS_DIR; };
		9A4EE27C28CB5A9300905FF9 /* CSState.swift */ = {isa = PBXFileReference; fileEncoding = 4; lastKnownFileType = sourcecode.swift; path = CSState.swift; sourceTree = "<group>"; };
		9A4EE30D28CB610600905FF9 /* CSSport.swift */ = {isa = PBXFileReference; fileEncoding = 4; lastKnownFileType = sourcecode.swift; path = CSSport.swift; sourceTree = "<group>"; };
		9A4EE30F28CB613F00905FF9 /* CSTournament.swift */ = {isa = PBXFileReference; fileEncoding = 4; lastKnownFileType = sourcecode.swift; path = CSTournament.swift; sourceTree = "<group>"; };
		9A4EE31228CF40C000905FF9 /* CyberSportMainState.swift */ = {isa = PBXFileReference; fileEncoding = 4; lastKnownFileType = sourcecode.swift; path = CyberSportMainState.swift; sourceTree = "<group>"; };
		9A4EE31428CF43F900905FF9 /* CSFilters.swift */ = {isa = PBXFileReference; fileEncoding = 4; lastKnownFileType = sourcecode.swift; path = CSFilters.swift; sourceTree = "<group>"; };
		9A4EE31728CF4D5200905FF9 /* CyberSportGameCell.swift */ = {isa = PBXFileReference; fileEncoding = 4; lastKnownFileType = sourcecode.swift; path = CyberSportGameCell.swift; sourceTree = "<group>"; };
		9A4EE31828CF4D5200905FF9 /* CyberSportGamesCollection.swift */ = {isa = PBXFileReference; fileEncoding = 4; lastKnownFileType = sourcecode.swift; path = CyberSportGamesCollection.swift; sourceTree = "<group>"; };
		9A4EE31928CF4D5200905FF9 /* CyberSportIconView.swift */ = {isa = PBXFileReference; fileEncoding = 4; lastKnownFileType = sourcecode.swift; path = CyberSportIconView.swift; sourceTree = "<group>"; };
		9A4EE31A28CF4D5200905FF9 /* CyberSportGameSkeletonCell.swift */ = {isa = PBXFileReference; fileEncoding = 4; lastKnownFileType = sourcecode.swift; path = CyberSportGameSkeletonCell.swift; sourceTree = "<group>"; };
		9A4EE31B28CF4D5200905FF9 /* CyberSportIconImageView.swift */ = {isa = PBXFileReference; fileEncoding = 4; lastKnownFileType = sourcecode.swift; path = CyberSportIconImageView.swift; sourceTree = "<group>"; };
		9A4EE32128CF56AB00905FF9 /* Reusable.swift */ = {isa = PBXFileReference; fileEncoding = 4; lastKnownFileType = sourcecode.swift; path = Reusable.swift; sourceTree = "<group>"; };
		9A4EE32328CF570300905FF9 /* CSType.swift */ = {isa = PBXFileReference; fileEncoding = 4; lastKnownFileType = sourcecode.swift; path = CSType.swift; sourceTree = "<group>"; };
		9A4EE32528CF5C8000905FF9 /* UIColor.swift */ = {isa = PBXFileReference; fileEncoding = 4; lastKnownFileType = sourcecode.swift; path = UIColor.swift; sourceTree = "<group>"; };
		9A4EE32728CF637D00905FF9 /* Extensions.swift */ = {isa = PBXFileReference; fileEncoding = 4; lastKnownFileType = sourcecode.swift; path = Extensions.swift; sourceTree = "<group>"; };
		9A4EE32928CF818500905FF9 /* CyberSportTournamentsCollection.swift */ = {isa = PBXFileReference; fileEncoding = 4; lastKnownFileType = sourcecode.swift; name = CyberSportTournamentsCollection.swift; path = ../CyberSportTournamentsCollection.swift; sourceTree = "<group>"; };
		9A4EE32E28CF877B00905FF9 /* CSTournamentHeader.swift */ = {isa = PBXFileReference; fileEncoding = 4; lastKnownFileType = sourcecode.swift; path = CSTournamentHeader.swift; sourceTree = "<group>"; };
		9A4EE33028CF877B00905FF9 /* CSMatchSkeletonCell.swift */ = {isa = PBXFileReference; fileEncoding = 4; lastKnownFileType = sourcecode.swift; path = CSMatchSkeletonCell.swift; sourceTree = "<group>"; };
		9A4EE33128CF877B00905FF9 /* CSMatchBaseCell.swift */ = {isa = PBXFileReference; fileEncoding = 4; lastKnownFileType = sourcecode.swift; path = CSMatchBaseCell.swift; sourceTree = "<group>"; };
		9A4EE33928CF8E3800905FF9 /* CSStakesCollection.swift */ = {isa = PBXFileReference; fileEncoding = 4; lastKnownFileType = sourcecode.swift; path = CSStakesCollection.swift; sourceTree = "<group>"; };
		9A4EE33B28CF8E7F00905FF9 /* CSStake.swift */ = {isa = PBXFileReference; fileEncoding = 4; lastKnownFileType = sourcecode.swift; path = CSStake.swift; sourceTree = "<group>"; };
		9A4EE33D28D07DE400905FF9 /* CSPeriodScore.swift */ = {isa = PBXFileReference; fileEncoding = 4; lastKnownFileType = sourcecode.swift; path = CSPeriodScore.swift; sourceTree = "<group>"; };
		9A4EE33E28D07DE400905FF9 /* CSScoreboard.swift */ = {isa = PBXFileReference; fileEncoding = 4; lastKnownFileType = sourcecode.swift; path = CSScoreboard.swift; sourceTree = "<group>"; };
		9A4EE33F28D07DE400905FF9 /* CSStream.swift */ = {isa = PBXFileReference; fileEncoding = 4; lastKnownFileType = sourcecode.swift; path = CSStream.swift; sourceTree = "<group>"; };
		9A4EE34028D07DE500905FF9 /* CSTeam.swift */ = {isa = PBXFileReference; fileEncoding = 4; lastKnownFileType = sourcecode.swift; path = CSTeam.swift; sourceTree = "<group>"; };
		9A4EE34728D0809200905FF9 /* Giorgio Sans LCG Heavy.otf */ = {isa = PBXFileReference; lastKnownFileType = file; path = "Giorgio Sans LCG Heavy.otf"; sourceTree = "<group>"; };
		9A4EE34828D0809200905FF9 /* Giorgio Sans LCG Bold Italic.otf */ = {isa = PBXFileReference; lastKnownFileType = file; path = "Giorgio Sans LCG Bold Italic.otf"; sourceTree = "<group>"; };
		9A4EE34928D0809200905FF9 /* Giorgio Sans LCG Medium Italic.otf */ = {isa = PBXFileReference; lastKnownFileType = file; path = "Giorgio Sans LCG Medium Italic.otf"; sourceTree = "<group>"; };
		9A4EE34A28D0809200905FF9 /* Giorgio Sans LCG Regular Italic.otf */ = {isa = PBXFileReference; lastKnownFileType = file; path = "Giorgio Sans LCG Regular Italic.otf"; sourceTree = "<group>"; };
		9A4EE34B28D0809200905FF9 /* Giorgio Sans LCG Extralight Italic.otf */ = {isa = PBXFileReference; lastKnownFileType = file; path = "Giorgio Sans LCG Extralight Italic.otf"; sourceTree = "<group>"; };
		9A4EE34C28D0809200905FF9 /* Giorgio Sans LCG Thin Italic.otf */ = {isa = PBXFileReference; lastKnownFileType = file; path = "Giorgio Sans LCG Thin Italic.otf"; sourceTree = "<group>"; };
		9A4EE34D28D0809200905FF9 /* Giorgio Sans LCG Regular.otf */ = {isa = PBXFileReference; lastKnownFileType = file; path = "Giorgio Sans LCG Regular.otf"; sourceTree = "<group>"; };
		9A4EE34E28D0809200905FF9 /* Giorgio Sans LCG Black Italic.otf */ = {isa = PBXFileReference; lastKnownFileType = file; path = "Giorgio Sans LCG Black Italic.otf"; sourceTree = "<group>"; };
		9A4EE34F28D0809200905FF9 /* Giorgio Sans LCG Medium.otf */ = {isa = PBXFileReference; lastKnownFileType = file; path = "Giorgio Sans LCG Medium.otf"; sourceTree = "<group>"; };
		9A4EE35028D0809200905FF9 /* Giorgio Sans LCG Light.otf */ = {isa = PBXFileReference; lastKnownFileType = file; path = "Giorgio Sans LCG Light.otf"; sourceTree = "<group>"; };
		9A4EE35128D0809200905FF9 /* Giorgio Sans LCG Heavy Italic.otf */ = {isa = PBXFileReference; lastKnownFileType = file; path = "Giorgio Sans LCG Heavy Italic.otf"; sourceTree = "<group>"; };
		9A4EE35228D0809200905FF9 /* Giorgio Sans LCG Thin.otf */ = {isa = PBXFileReference; lastKnownFileType = file; path = "Giorgio Sans LCG Thin.otf"; sourceTree = "<group>"; };
		9A4EE35328D0809200905FF9 /* Giorgio Sans LCG Black.otf */ = {isa = PBXFileReference; lastKnownFileType = file; path = "Giorgio Sans LCG Black.otf"; sourceTree = "<group>"; };
		9A4EE35428D0809200905FF9 /* Giorgio Sans LCG Extralight.otf */ = {isa = PBXFileReference; lastKnownFileType = file; path = "Giorgio Sans LCG Extralight.otf"; sourceTree = "<group>"; };
		9A4EE35528D0809200905FF9 /* Giorgio Sans LCG Light Italic.otf */ = {isa = PBXFileReference; lastKnownFileType = file; path = "Giorgio Sans LCG Light Italic.otf"; sourceTree = "<group>"; };
		9A4EE35728D0809200905FF9 /* Lato_BB-Bold.otf */ = {isa = PBXFileReference; lastKnownFileType = file; path = "Lato_BB-Bold.otf"; sourceTree = "<group>"; };
		9A4EE35828D0809200905FF9 /* Lato_BB-Regular.otf */ = {isa = PBXFileReference; lastKnownFileType = file; path = "Lato_BB-Regular.otf"; sourceTree = "<group>"; };
		9A4EE35928D0809200905FF9 /* Lucita Grande-Bold.ttf */ = {isa = PBXFileReference; lastKnownFileType = file; path = "Lucita Grande-Bold.ttf"; sourceTree = "<group>"; };
		9A4EE35B28D0809200905FF9 /* SFProDisplay-Regular.ttf */ = {isa = PBXFileReference; lastKnownFileType = file; path = "SFProDisplay-Regular.ttf"; sourceTree = "<group>"; };
		9A4EE35C28D0809200905FF9 /* Giorgio Sans LCG Bold.otf */ = {isa = PBXFileReference; lastKnownFileType = file; path = "Giorgio Sans LCG Bold.otf"; sourceTree = "<group>"; };
		9A4EE35D28D0809200905FF9 /* Lucita Grande.ttf */ = {isa = PBXFileReference; lastKnownFileType = file; path = "Lucita Grande.ttf"; sourceTree = "<group>"; };
		9A4EE35F28D0809300905FF9 /* Gilroy_BB-Bold.otf */ = {isa = PBXFileReference; lastKnownFileType = file; path = "Gilroy_BB-Bold.otf"; sourceTree = "<group>"; };
		9A4EE36028D0809300905FF9 /* Gilroy-Medium.otf */ = {isa = PBXFileReference; lastKnownFileType = file; path = "Gilroy-Medium.otf"; sourceTree = "<group>"; };
		9A4EE36128D0809300905FF9 /* Gilroy-Bold.otf */ = {isa = PBXFileReference; lastKnownFileType = file; path = "Gilroy-Bold.otf"; sourceTree = "<group>"; };
		9A790DCC28C9F358009F2AA4 /* BroadcastOnline.app */ = {isa = PBXFileReference; explicitFileType = wrapper.application; includeInIndex = 0; path = BroadcastOnline.app; sourceTree = BUILT_PRODUCTS_DIR; };
		9A790DCF28C9F358009F2AA4 /* AppDelegate.swift */ = {isa = PBXFileReference; lastKnownFileType = sourcecode.swift; path = AppDelegate.swift; sourceTree = "<group>"; };
		9A790DD128C9F358009F2AA4 /* SceneDelegate.swift */ = {isa = PBXFileReference; lastKnownFileType = sourcecode.swift; path = SceneDelegate.swift; sourceTree = "<group>"; };
		9A790DD628C9F358009F2AA4 /* Base */ = {isa = PBXFileReference; lastKnownFileType = file.storyboard; name = Base; path = Base.lproj/Main.storyboard; sourceTree = "<group>"; };
		9A790DD828C9F35C009F2AA4 /* Assets.xcassets */ = {isa = PBXFileReference; lastKnownFileType = folder.assetcatalog; path = Assets.xcassets; sourceTree = "<group>"; };
		9A790DDB28C9F35C009F2AA4 /* Base */ = {isa = PBXFileReference; lastKnownFileType = file.storyboard; name = Base; path = Base.lproj/LaunchScreen.storyboard; sourceTree = "<group>"; };
		9A790DDD28C9F35C009F2AA4 /* Info.plist */ = {isa = PBXFileReference; lastKnownFileType = text.plist.xml; path = Info.plist; sourceTree = "<group>"; };
		9A790DE328C9F8C7009F2AA4 /* MainViewController.swift */ = {isa = PBXFileReference; lastKnownFileType = sourcecode.swift; path = MainViewController.swift; sourceTree = "<group>"; };
		9A790DE828CA1D1C009F2AA4 /* MainPresenter.swift */ = {isa = PBXFileReference; lastKnownFileType = sourcecode.swift; path = MainPresenter.swift; sourceTree = "<group>"; };
		9A790DEA28CA1D24009F2AA4 /* MainInteractor.swift */ = {isa = PBXFileReference; lastKnownFileType = sourcecode.swift; path = MainInteractor.swift; sourceTree = "<group>"; };
		9A790DED28CA1D77009F2AA4 /* MainOutput.swift */ = {isa = PBXFileReference; lastKnownFileType = sourcecode.swift; path = MainOutput.swift; sourceTree = "<group>"; };
		9A790DEF28CA1D81009F2AA4 /* MainViewInput.swift */ = {isa = PBXFileReference; lastKnownFileType = sourcecode.swift; path = MainViewInput.swift; sourceTree = "<group>"; };
		9A790DF528CA1E27009F2AA4 /* ViewOutput.swift */ = {isa = PBXFileReference; fileEncoding = 4; lastKnownFileType = sourcecode.swift; path = ViewOutput.swift; sourceTree = "<group>"; };
		9A790DF728CA1E82009F2AA4 /* ViewInput.swift */ = {isa = PBXFileReference; fileEncoding = 4; lastKnownFileType = sourcecode.swift; path = ViewInput.swift; sourceTree = "<group>"; };
		9A790DFC28CA29CB009F2AA4 /* etw_model_match.pb.swift */ = {isa = PBXFileReference; fileEncoding = 4; lastKnownFileType = sourcecode.swift; path = etw_model_match.pb.swift; sourceTree = "<group>"; };
		9A790DFD28CA29CB009F2AA4 /* etw_model_stake.pb.swift */ = {isa = PBXFileReference; fileEncoding = 4; lastKnownFileType = sourcecode.swift; path = etw_model_stake.pb.swift; sourceTree = "<group>"; };
		9A790DFE28CA29CB009F2AA4 /* etw_model_sport.pb.swift */ = {isa = PBXFileReference; fileEncoding = 4; lastKnownFileType = sourcecode.swift; path = etw_model_sport.pb.swift; sourceTree = "<group>"; };
		9A790DFF28CA29CB009F2AA4 /* etw_model_tournament.pb.swift */ = {isa = PBXFileReference; fileEncoding = 4; lastKnownFileType = sourcecode.swift; path = etw_model_tournament.pb.swift; sourceTree = "<group>"; };
		9A790E0128CA29CB009F2AA4 /* etw_common_errors.pb.swift */ = {isa = PBXFileReference; fileEncoding = 4; lastKnownFileType = sourcecode.swift; path = etw_common_errors.pb.swift; sourceTree = "<group>"; };
		9A790E0328CA29CB009F2AA4 /* etw_rpc_subscribe_sport.pb.swift */ = {isa = PBXFileReference; fileEncoding = 4; lastKnownFileType = sourcecode.swift; path = etw_rpc_subscribe_sport.pb.swift; sourceTree = "<group>"; };
		9A790E0428CA29CB009F2AA4 /* etw_rpc_subscribe_full_match.pb.swift */ = {isa = PBXFileReference; fileEncoding = 4; lastKnownFileType = sourcecode.swift; path = etw_rpc_subscribe_full_match.pb.swift; sourceTree = "<group>"; };
		9A790E0628CA29CB009F2AA4 /* etw_rpc_newsletter_stake.pb.swift */ = {isa = PBXFileReference; fileEncoding = 4; lastKnownFileType = sourcecode.swift; path = etw_rpc_newsletter_stake.pb.swift; sourceTree = "<group>"; };
		9A790E0728CA29CB009F2AA4 /* etw_rpc_newsletter_full_match.pb.swift */ = {isa = PBXFileReference; fileEncoding = 4; lastKnownFileType = sourcecode.swift; path = etw_rpc_newsletter_full_match.pb.swift; sourceTree = "<group>"; };
		9A790E0828CA29CB009F2AA4 /* etw_rpc_newsletter_match.pb.swift */ = {isa = PBXFileReference; fileEncoding = 4; lastKnownFileType = sourcecode.swift; path = etw_rpc_newsletter_match.pb.swift; sourceTree = "<group>"; };
		9A790E0928CA29CB009F2AA4 /* etw_rpc_newsletter_state.pb.swift */ = {isa = PBXFileReference; fileEncoding = 4; lastKnownFileType = sourcecode.swift; path = etw_rpc_newsletter_state.pb.swift; sourceTree = "<group>"; };
		9A790E0A28CA29CB009F2AA4 /* etw_rpc_newsletter_tournament.pb.swift */ = {isa = PBXFileReference; fileEncoding = 4; lastKnownFileType = sourcecode.swift; path = etw_rpc_newsletter_tournament.pb.swift; sourceTree = "<group>"; };
		9A790E0B28CA29CB009F2AA4 /* etw_rpc_newsletter_sport.pb.swift */ = {isa = PBXFileReference; fileEncoding = 4; lastKnownFileType = sourcecode.swift; path = etw_rpc_newsletter_sport.pb.swift; sourceTree = "<group>"; };
		9A790E0C28CA29CB009F2AA4 /* etw_rpc_unsubscribe.pb.swift */ = {isa = PBXFileReference; fileEncoding = 4; lastKnownFileType = sourcecode.swift; path = etw_rpc_unsubscribe.pb.swift; sourceTree = "<group>"; };
		9A790E0D28CA29CB009F2AA4 /* etw__rpc_default.pb.swift */ = {isa = PBXFileReference; fileEncoding = 4; lastKnownFileType = sourcecode.swift; path = etw__rpc_default.pb.swift; sourceTree = "<group>"; };
		9A790E0E28CA29CB009F2AA4 /* etw_rpc_set_settings.pb.swift */ = {isa = PBXFileReference; fileEncoding = 4; lastKnownFileType = sourcecode.swift; path = etw_rpc_set_settings.pb.swift; sourceTree = "<group>"; };
		9A790E0F28CA29CB009F2AA4 /* etw_rpc_unsubscribe_sport.pb.swift */ = {isa = PBXFileReference; fileEncoding = 4; lastKnownFileType = sourcecode.swift; path = etw_rpc_unsubscribe_sport.pb.swift; sourceTree = "<group>"; };
		9A790E1028CA29CB009F2AA4 /* etw_rpc_unsubscribe_full_tournament.pb.swift */ = {isa = PBXFileReference; fileEncoding = 4; lastKnownFileType = sourcecode.swift; path = etw_rpc_unsubscribe_full_tournament.pb.swift; sourceTree = "<group>"; };
		9A790E1128CA29CB009F2AA4 /* etw_rpc_unsubscribe_tournament.pb.swift */ = {isa = PBXFileReference; fileEncoding = 4; lastKnownFileType = sourcecode.swift; path = etw_rpc_unsubscribe_tournament.pb.swift; sourceTree = "<group>"; };
		9A790E1228CA29CB009F2AA4 /* etw_rpc_ping.pb.swift */ = {isa = PBXFileReference; fileEncoding = 4; lastKnownFileType = sourcecode.swift; path = etw_rpc_ping.pb.swift; sourceTree = "<group>"; };
		9A790E1328CA29CB009F2AA4 /* etw_rpc_unsubscribe_stake.pb.swift */ = {isa = PBXFileReference; fileEncoding = 4; lastKnownFileType = sourcecode.swift; path = etw_rpc_unsubscribe_stake.pb.swift; sourceTree = "<group>"; };
		9A790E1428CA29CB009F2AA4 /* etw_rpc_subscribe_state.pb.swift */ = {isa = PBXFileReference; fileEncoding = 4; lastKnownFileType = sourcecode.swift; path = etw_rpc_subscribe_state.pb.swift; sourceTree = "<group>"; };
		9A790E1528CA29CB009F2AA4 /* etw_rpc_unsubscribe_full_match.pb.swift */ = {isa = PBXFileReference; fileEncoding = 4; lastKnownFileType = sourcecode.swift; path = etw_rpc_unsubscribe_full_match.pb.swift; sourceTree = "<group>"; };
		9A790E1628CA29CB009F2AA4 /* etw_rpc_unsubscribe_match.pb.swift */ = {isa = PBXFileReference; fileEncoding = 4; lastKnownFileType = sourcecode.swift; path = etw_rpc_unsubscribe_match.pb.swift; sourceTree = "<group>"; };
		9A790E1728CA29CB009F2AA4 /* etw_rpc_subscribe_full_tournament.pb.swift */ = {isa = PBXFileReference; fileEncoding = 4; lastKnownFileType = sourcecode.swift; path = etw_rpc_subscribe_full_tournament.pb.swift; sourceTree = "<group>"; };
		9A790E1828CA29CB009F2AA4 /* etw_rpc_subscribe_tournament.pb.swift */ = {isa = PBXFileReference; fileEncoding = 4; lastKnownFileType = sourcecode.swift; path = etw_rpc_subscribe_tournament.pb.swift; sourceTree = "<group>"; };
		9A790E1928CA29CB009F2AA4 /* etw_rpc_subscribe_match.pb.swift */ = {isa = PBXFileReference; fileEncoding = 4; lastKnownFileType = sourcecode.swift; path = etw_rpc_subscribe_match.pb.swift; sourceTree = "<group>"; };
		9A790E1A28CA29CB009F2AA4 /* etw_rpc_unsubscribe_state.pb.swift */ = {isa = PBXFileReference; fileEncoding = 4; lastKnownFileType = sourcecode.swift; path = etw_rpc_unsubscribe_state.pb.swift; sourceTree = "<group>"; };
		9A790E1B28CA29CB009F2AA4 /* etw_rpc_subscribe_stake.pb.swift */ = {isa = PBXFileReference; fileEncoding = 4; lastKnownFileType = sourcecode.swift; path = etw_rpc_subscribe_stake.pb.swift; sourceTree = "<group>"; };
		9A790E1C28CA29CB009F2AA4 /* CyberOdinWsService.swift */ = {isa = PBXFileReference; fileEncoding = 4; lastKnownFileType = sourcecode.swift; path = CyberOdinWsService.swift; sourceTree = "<group>"; };
		9A790E1D28CA29CB009F2AA4 /* CyberOdinWsServiceSubjects.swift */ = {isa = PBXFileReference; fileEncoding = 4; lastKnownFileType = sourcecode.swift; path = CyberOdinWsServiceSubjects.swift; sourceTree = "<group>"; };
		9A790E1E28CA29CB009F2AA4 /* CyberOdinWsServiceInterface.swift */ = {isa = PBXFileReference; fileEncoding = 4; lastKnownFileType = sourcecode.swift; path = CyberOdinWsServiceInterface.swift; sourceTree = "<group>"; };
		9A790E1F28CA29CB009F2AA4 /* CyberOdinWsServiceDependency.swift */ = {isa = PBXFileReference; fileEncoding = 4; lastKnownFileType = sourcecode.swift; path = CyberOdinWsServiceDependency.swift; sourceTree = "<group>"; };
		9A790E7A28CA3616009F2AA4 /* WsService.swift */ = {isa = PBXFileReference; fileEncoding = 4; lastKnownFileType = sourcecode.swift; path = WsService.swift; sourceTree = "<group>"; };
		9A790EA928CA368B009F2AA4 /* CSMatch.swift */ = {isa = PBXFileReference; fileEncoding = 4; lastKnownFileType = sourcecode.swift; path = CSMatch.swift; sourceTree = "<group>"; };
		9A79191128D08CF200062946 /* bets_history_v3_get_event_result.pb.swift */ = {isa = PBXFileReference; fileEncoding = 4; lastKnownFileType = sourcecode.swift; path = bets_history_v3_get_event_result.pb.swift; sourceTree = "<group>"; };
		9A79191928D08DC200062946 /* TournamentSkeletonCHeader.swift */ = {isa = PBXFileReference; fileEncoding = 4; lastKnownFileType = sourcecode.swift; path = TournamentSkeletonCHeader.swift; sourceTree = "<group>"; };
		9A79191D28D08E5700062946 /* CSStakeCell.swift */ = {isa = PBXFileReference; fileEncoding = 4; lastKnownFileType = sourcecode.swift; path = CSStakeCell.swift; sourceTree = "<group>"; };
		9A79191F28D08ECD00062946 /* CSMoreStakesCell.swift */ = {isa = PBXFileReference; fileEncoding = 4; lastKnownFileType = sourcecode.swift; path = CSMoreStakesCell.swift; sourceTree = "<group>"; };
		9A79192328D08F6B00062946 /* errors.pb.swift */ = {isa = PBXFileReference; fileEncoding = 4; lastKnownFileType = sourcecode.swift; path = errors.pb.swift; sourceTree = "<group>"; };
		9A79192528D08FA300062946 /* Colors.swift */ = {isa = PBXFileReference; fileEncoding = 4; lastKnownFileType = sourcecode.swift; path = Colors.swift; sourceTree = "<group>"; };
		9A79192A28D0907B00062946 /* stake.pb.swift */ = {isa = PBXFileReference; fileEncoding = 4; lastKnownFileType = sourcecode.swift; path = stake.pb.swift; sourceTree = "<group>"; };
		9A79192C28D0934800062946 /* Sport.swift */ = {isa = PBXFileReference; fileEncoding = 4; lastKnownFileType = sourcecode.swift; path = Sport.swift; sourceTree = "<group>"; };
		9A79192E28D093B800062946 /* match.pb.swift */ = {isa = PBXFileReference; fileEncoding = 4; lastKnownFileType = sourcecode.swift; path = match.pb.swift; sourceTree = "<group>"; };
		9A79193028D093FF00062946 /* tournament.pb.swift */ = {isa = PBXFileReference; fileEncoding = 4; lastKnownFileType = sourcecode.swift; path = tournament.pb.swift; sourceTree = "<group>"; };
		9A79193228D0943A00062946 /* sport.pb.swift */ = {isa = PBXFileReference; fileEncoding = 4; lastKnownFileType = sourcecode.swift; path = sport.pb.swift; sourceTree = "<group>"; };
		9A79193428D0947400062946 /* subscribe_state.pb.swift */ = {isa = PBXFileReference; fileEncoding = 4; lastKnownFileType = sourcecode.swift; path = subscribe_state.pb.swift; sourceTree = "<group>"; };
		9A79193628D094A300062946 /* ws2_errors.pb.swift */ = {isa = PBXFileReference; fileEncoding = 4; lastKnownFileType = sourcecode.swift; path = ws2_errors.pb.swift; sourceTree = "<group>"; };
		9A79193828D0976700062946 /* R.generated.swift */ = {isa = PBXFileReference; fileEncoding = 4; lastKnownFileType = sourcecode.swift; path = R.generated.swift; sourceTree = "<group>"; };
		9A79193A28D0B9C000062946 /* CyberSportFiltersCollection.swift */ = {isa = PBXFileReference; fileEncoding = 4; lastKnownFileType = sourcecode.swift; path = CyberSportFiltersCollection.swift; sourceTree = "<group>"; };
		9A79193C28D0C07B00062946 /* CyberSportFilterCell.swift */ = {isa = PBXFileReference; fileEncoding = 4; lastKnownFileType = sourcecode.swift; path = CyberSportFilterCell.swift; sourceTree = "<group>"; };
		9A79193F28D1E94800062946 /* BroadcastViewController.swift */ = {isa = PBXFileReference; lastKnownFileType = sourcecode.swift; path = BroadcastViewController.swift; sourceTree = "<group>"; };
		9A79194328D204CB00062946 /* CSDetailsHeaderTranslationView.swift */ = {isa = PBXFileReference; fileEncoding = 4; lastKnownFileType = sourcecode.swift; path = CSDetailsHeaderTranslationView.swift; sourceTree = SOURCE_ROOT; };
		9ACBA99A28D485A300E73AAF /* NewCSStakesCell.swift */ = {isa = PBXFileReference; lastKnownFileType = sourcecode.swift; path = NewCSStakesCell.swift; sourceTree = "<group>"; };
		9ACBA99C28D89FEE00E73AAF /* CSDefaultMatchCell.swift */ = {isa = PBXFileReference; fileEncoding = 4; lastKnownFileType = sourcecode.swift; path = CSDefaultMatchCell.swift; sourceTree = "<group>"; };
		9ACBA99F28D9E99400E73AAF /* CyberSportPlaceholderView.swift */ = {isa = PBXFileReference; fileEncoding = 4; lastKnownFileType = sourcecode.swift; path = CyberSportPlaceholderView.swift; sourceTree = "<group>"; };
		9ACBA9A128D9EAF500E73AAF /* illustration_7.json */ = {isa = PBXFileReference; fileEncoding = 4; lastKnownFileType = text.json; path = illustration_7.json; sourceTree = "<group>"; };
		9ACBA9A628DA10EE00E73AAF /* en */ = {isa = PBXFileReference; lastKnownFileType = text.plist.strings; name = en; path = en.lproj/Localizable.strings; sourceTree = "<group>"; };
		9ACBA9A828DA12FB00E73AAF /* es */ = {isa = PBXFileReference; lastKnownFileType = text.plist.strings; name = es; path = es.lproj/Main.strings; sourceTree = "<group>"; };
		9ACBA9A928DA12FC00E73AAF /* es */ = {isa = PBXFileReference; lastKnownFileType = text.plist.strings; name = es; path = es.lproj/LaunchScreen.strings; sourceTree = "<group>"; };
		9ACBA9AA28DA12FC00E73AAF /* es */ = {isa = PBXFileReference; lastKnownFileType = text.plist.strings; name = es; path = es.lproj/Localizable.strings; sourceTree = "<group>"; };
		9ACBA9AB28DA131700E73AAF /* pt-PT */ = {isa = PBXFileReference; lastKnownFileType = text.plist.strings; name = "pt-PT"; path = "pt-PT.lproj/Main.strings"; sourceTree = "<group>"; };
		9ACBA9AC28DA131700E73AAF /* pt-PT */ = {isa = PBXFileReference; lastKnownFileType = text.plist.strings; name = "pt-PT"; path = "pt-PT.lproj/LaunchScreen.strings"; sourceTree = "<group>"; };
		9ACBA9AD28DA131700E73AAF /* pt-PT */ = {isa = PBXFileReference; lastKnownFileType = text.plist.strings; name = "pt-PT"; path = "pt-PT.lproj/Localizable.strings"; sourceTree = "<group>"; };
		9ACBA9AE28DA134C00E73AAF /* ru */ = {isa = PBXFileReference; lastKnownFileType = text.plist.strings; name = ru; path = ru.lproj/Main.strings; sourceTree = "<group>"; };
		9ACBA9AF28DA134C00E73AAF /* ru */ = {isa = PBXFileReference; lastKnownFileType = text.plist.strings; name = ru; path = ru.lproj/LaunchScreen.strings; sourceTree = "<group>"; };
		9ACBA9B028DA134C00E73AAF /* ru */ = {isa = PBXFileReference; lastKnownFileType = text.plist.strings; name = ru; path = ru.lproj/Localizable.strings; sourceTree = "<group>"; };
		9ACBA9B228DA15A300E73AAF /* en */ = {isa = PBXFileReference; lastKnownFileType = text.plist.strings; name = en; path = en.lproj/Main.strings; sourceTree = "<group>"; };
		9AE4763928D3380800E59FC0 /* Roboto-Medium.ttf */ = {isa = PBXFileReference; lastKnownFileType = file; path = "Roboto-Medium.ttf"; sourceTree = "<group>"; };
		9AE4763A28D3380800E59FC0 /* Roboto-Light.ttf */ = {isa = PBXFileReference; lastKnownFileType = file; path = "Roboto-Light.ttf"; sourceTree = "<group>"; };
		9AE4763B28D3380800E59FC0 /* Roboto-Regular.ttf */ = {isa = PBXFileReference; lastKnownFileType = file; path = "Roboto-Regular.ttf"; sourceTree = "<group>"; };
		9AE4763C28D3380800E59FC0 /* Roboto-MediumItalic.ttf */ = {isa = PBXFileReference; lastKnownFileType = file; path = "Roboto-MediumItalic.ttf"; sourceTree = "<group>"; };
		9AE4763D28D3380800E59FC0 /* Roboto-ThinItalic.ttf */ = {isa = PBXFileReference; lastKnownFileType = file; path = "Roboto-ThinItalic.ttf"; sourceTree = "<group>"; };
		9AE4763E28D3380800E59FC0 /* Roboto-BoldItalic.ttf */ = {isa = PBXFileReference; lastKnownFileType = file; path = "Roboto-BoldItalic.ttf"; sourceTree = "<group>"; };
		9AE4763F28D3380800E59FC0 /* Roboto-LightItalic.ttf */ = {isa = PBXFileReference; lastKnownFileType = file; path = "Roboto-LightItalic.ttf"; sourceTree = "<group>"; };
		9AE4764028D3380800E59FC0 /* Roboto-Italic.ttf */ = {isa = PBXFileReference; lastKnownFileType = file; path = "Roboto-Italic.ttf"; sourceTree = "<group>"; };
		9AE4764128D3380800E59FC0 /* Roboto-BlackItalic.ttf */ = {isa = PBXFileReference; lastKnownFileType = file; path = "Roboto-BlackItalic.ttf"; sourceTree = "<group>"; };
		9AE4764228D3380800E59FC0 /* Roboto-Bold.ttf */ = {isa = PBXFileReference; lastKnownFileType = file; path = "Roboto-Bold.ttf"; sourceTree = "<group>"; };
		9AE4764328D3380800E59FC0 /* Roboto-Thin.ttf */ = {isa = PBXFileReference; lastKnownFileType = file; path = "Roboto-Thin.ttf"; sourceTree = "<group>"; };
		9AE4764428D3380800E59FC0 /* Roboto-Black.ttf */ = {isa = PBXFileReference; lastKnownFileType = file; path = "Roboto-Black.ttf"; sourceTree = "<group>"; };
		9AE4765128D33BD500E59FC0 /* NavigationController.swift */ = {isa = PBXFileReference; lastKnownFileType = sourcecode.swift; path = NavigationController.swift; sourceTree = "<group>"; };
		9AE4765328D355F100E59FC0 /* MakeBetVIewController.swift */ = {isa = PBXFileReference; lastKnownFileType = sourcecode.swift; path = MakeBetVIewController.swift; sourceTree = "<group>"; };
		9AF4CE7B28E33EE7002CBC2D /* ConnectManager.swift */ = {isa = PBXFileReference; fileEncoding = 4; lastKnownFileType = sourcecode.swift; path = ConnectManager.swift; sourceTree = "<group>"; };
		9AF4CE7C28E33EE7002CBC2D /* ConnectManagerInterface.swift */ = {isa = PBXFileReference; fileEncoding = 4; lastKnownFileType = sourcecode.swift; path = ConnectManagerInterface.swift; sourceTree = "<group>"; };
		9AF4CE7D28E33EE7002CBC2D /* ConnectManagerDependency.swift */ = {isa = PBXFileReference; fileEncoding = 4; lastKnownFileType = sourcecode.swift; path = ConnectManagerDependency.swift; sourceTree = "<group>"; };
		9AF76E1028DDB9730040E574 /* NoConnectionViewController.swift */ = {isa = PBXFileReference; fileEncoding = 4; lastKnownFileType = sourcecode.swift; path = NoConnectionViewController.swift; sourceTree = "<group>"; };
		9AF76E1228DDC3EB0040E574 /* illustration_6.json */ = {isa = PBXFileReference; fileEncoding = 4; lastKnownFileType = text.json; path = illustration_6.json; sourceTree = "<group>"; };
		9AF76E1428DE12810040E574 /* CyberSportFilterSkeletonCell.swift */ = {isa = PBXFileReference; fileEncoding = 4; lastKnownFileType = sourcecode.swift; path = CyberSportFilterSkeletonCell.swift; sourceTree = "<group>"; };
		F44A24DBE9FF638C35EB38AE /* Pods-BroadcastOnline.debug.xcconfig */ = {isa = PBXFileReference; includeInIndex = 1; lastKnownFileType = text.xcconfig; name = "Pods-BroadcastOnline.debug.xcconfig"; path = "Target Support Files/Pods-BroadcastOnline/Pods-BroadcastOnline.debug.xcconfig"; sourceTree = "<group>"; };
		FE7501537DFD11AE83E49500 /* Pods-BroadcastOnline.release.xcconfig */ = {isa = PBXFileReference; includeInIndex = 1; lastKnownFileType = text.xcconfig; name = "Pods-BroadcastOnline.release.xcconfig"; path = "Target Support Files/Pods-BroadcastOnline/Pods-BroadcastOnline.release.xcconfig"; sourceTree = "<group>"; };
/* End PBXFileReference section */

/* Begin PBXFrameworksBuildPhase section */
		9A790DC928C9F358009F2AA4 /* Frameworks */ = {
			isa = PBXFrameworksBuildPhase;
			buildActionMask = 2147483647;
			files = (
				C0652570D0F4EDD11EC0DA28 /* Pods_BroadcastOnline.framework in Frameworks */,
			);
			runOnlyForDeploymentPostprocessing = 0;
		};
/* End PBXFrameworksBuildPhase section */

/* Begin PBXGroup section */
		20070CFE8011696A0C299172 /* Pods */ = {
			isa = PBXGroup;
			children = (
				F44A24DBE9FF638C35EB38AE /* Pods-BroadcastOnline.debug.xcconfig */,
				FE7501537DFD11AE83E49500 /* Pods-BroadcastOnline.release.xcconfig */,
			);
			path = Pods;
			sourceTree = "<group>";
		};
		8F66BDA7D6FEF9629E156316 /* Frameworks */ = {
			isa = PBXGroup;
			children = (
				4583E1805C4D1C81C0CC5FCF /* Pods_BroadcastOnline.framework */,
			);
			name = Frameworks;
			sourceTree = "<group>";
		};
		9A4EE31128CF40C000905FF9 /* State */ = {
			isa = PBXGroup;
			children = (
				9A4EE31228CF40C000905FF9 /* CyberSportMainState.swift */,
			);
			path = State;
			sourceTree = "<group>";
		};
		9A4EE31628CF4D5200905FF9 /* GamesCollection */ = {
			isa = PBXGroup;
			children = (
				9A4EE31728CF4D5200905FF9 /* CyberSportGameCell.swift */,
				9A4EE31828CF4D5200905FF9 /* CyberSportGamesCollection.swift */,
				9A4EE31928CF4D5200905FF9 /* CyberSportIconView.swift */,
				9A4EE31A28CF4D5200905FF9 /* CyberSportGameSkeletonCell.swift */,
				9A4EE31B28CF4D5200905FF9 /* CyberSportIconImageView.swift */,
			);
			path = GamesCollection;
			sourceTree = "<group>";
		};
		9A4EE32B28CF877B00905FF9 /* TournamentCollection */ = {
			isa = PBXGroup;
			children = (
				9A4EE32928CF818500905FF9 /* CyberSportTournamentsCollection.swift */,
				9A4EE32C28CF877B00905FF9 /* Cells */,
			);
			path = TournamentCollection;
			sourceTree = "<group>";
		};
		9A4EE32C28CF877B00905FF9 /* Cells */ = {
			isa = PBXGroup;
			children = (
				9A4EE32D28CF877B00905FF9 /* Tournament */,
				9A4EE32F28CF877B00905FF9 /* Matches */,
			);
			path = Cells;
			sourceTree = "<group>";
		};
		9A4EE32D28CF877B00905FF9 /* Tournament */ = {
			isa = PBXGroup;
			children = (
				9A4EE32E28CF877B00905FF9 /* CSTournamentHeader.swift */,
			);
			path = Tournament;
			sourceTree = "<group>";
		};
		9A4EE32F28CF877B00905FF9 /* Matches */ = {
			isa = PBXGroup;
			children = (
				9ACBA99C28D89FEE00E73AAF /* CSDefaultMatchCell.swift */,
				9A4EE33028CF877B00905FF9 /* CSMatchSkeletonCell.swift */,
				9A4EE33128CF877B00905FF9 /* CSMatchBaseCell.swift */,
			);
			path = Matches;
			sourceTree = "<group>";
		};
		9A4EE34528D0809200905FF9 /* Fonts */ = {
			isa = PBXGroup;
			children = (
				9AE4763828D3380800E59FC0 /* Roboto */,
				9A4EE34628D0809200905FF9 /* Giorgio */,
				9A4EE35628D0809200905FF9 /* Lato */,
				9A4EE35928D0809200905FF9 /* Lucita Grande-Bold.ttf */,
				9A4EE35A28D0809200905FF9 /* SF */,
				9A4EE35C28D0809200905FF9 /* Giorgio Sans LCG Bold.otf */,
				9A4EE35D28D0809200905FF9 /* Lucita Grande.ttf */,
				9A4EE35E28D0809300905FF9 /* Gilroy */,
			);
			path = Fonts;
			sourceTree = "<group>";
		};
		9A4EE34628D0809200905FF9 /* Giorgio */ = {
			isa = PBXGroup;
			children = (
				9A4EE34728D0809200905FF9 /* Giorgio Sans LCG Heavy.otf */,
				9A4EE34828D0809200905FF9 /* Giorgio Sans LCG Bold Italic.otf */,
				9A4EE34928D0809200905FF9 /* Giorgio Sans LCG Medium Italic.otf */,
				9A4EE34A28D0809200905FF9 /* Giorgio Sans LCG Regular Italic.otf */,
				9A4EE34B28D0809200905FF9 /* Giorgio Sans LCG Extralight Italic.otf */,
				9A4EE34C28D0809200905FF9 /* Giorgio Sans LCG Thin Italic.otf */,
				9A4EE34D28D0809200905FF9 /* Giorgio Sans LCG Regular.otf */,
				9A4EE34E28D0809200905FF9 /* Giorgio Sans LCG Black Italic.otf */,
				9A4EE34F28D0809200905FF9 /* Giorgio Sans LCG Medium.otf */,
				9A4EE35028D0809200905FF9 /* Giorgio Sans LCG Light.otf */,
				9A4EE35128D0809200905FF9 /* Giorgio Sans LCG Heavy Italic.otf */,
				9A4EE35228D0809200905FF9 /* Giorgio Sans LCG Thin.otf */,
				9A4EE35328D0809200905FF9 /* Giorgio Sans LCG Black.otf */,
				9A4EE35428D0809200905FF9 /* Giorgio Sans LCG Extralight.otf */,
				9A4EE35528D0809200905FF9 /* Giorgio Sans LCG Light Italic.otf */,
			);
			path = Giorgio;
			sourceTree = "<group>";
		};
		9A4EE35628D0809200905FF9 /* Lato */ = {
			isa = PBXGroup;
			children = (
				9A4EE35728D0809200905FF9 /* Lato_BB-Bold.otf */,
				9A4EE35828D0809200905FF9 /* Lato_BB-Regular.otf */,
			);
			path = Lato;
			sourceTree = "<group>";
		};
		9A4EE35A28D0809200905FF9 /* SF */ = {
			isa = PBXGroup;
			children = (
				9A4EE35B28D0809200905FF9 /* SFProDisplay-Regular.ttf */,
			);
			path = SF;
			sourceTree = "<group>";
		};
		9A4EE35E28D0809300905FF9 /* Gilroy */ = {
			isa = PBXGroup;
			children = (
				9A4EE35F28D0809300905FF9 /* Gilroy_BB-Bold.otf */,
				9A4EE36028D0809300905FF9 /* Gilroy-Medium.otf */,
				9A4EE36128D0809300905FF9 /* Gilroy-Bold.otf */,
			);
			path = Gilroy;
			sourceTree = "<group>";
		};
		9A790DC328C9F358009F2AA4 = {
			isa = PBXGroup;
			children = (
				9A790DCE28C9F358009F2AA4 /* BroadcastOnline */,
				9A790DCD28C9F358009F2AA4 /* Products */,
				20070CFE8011696A0C299172 /* Pods */,
				8F66BDA7D6FEF9629E156316 /* Frameworks */,
			);
			sourceTree = "<group>";
		};
		9A790DCD28C9F358009F2AA4 /* Products */ = {
			isa = PBXGroup;
			children = (
				9A790DCC28C9F358009F2AA4 /* BroadcastOnline.app */,
			);
			name = Products;
			sourceTree = "<group>";
		};
		9A790DCE28C9F358009F2AA4 /* BroadcastOnline */ = {
			isa = PBXGroup;
			children = (
				9A790DCF28C9F358009F2AA4 /* AppDelegate.swift */,
				9A4EE32728CF637D00905FF9 /* Extensions.swift */,
				9A790DF728CA1E82009F2AA4 /* ViewInput.swift */,
				9A790DF528CA1E27009F2AA4 /* ViewOutput.swift */,
				9A4EE32128CF56AB00905FF9 /* Reusable.swift */,
				9A790DD128C9F358009F2AA4 /* SceneDelegate.swift */,
				9A4EE32528CF5C8000905FF9 /* UIColor.swift */,
				9A790DD528C9F358009F2AA4 /* Main.storyboard */,
				9AE4765328D355F100E59FC0 /* MakeBetVIewController.swift */,
				9ACBA9A728DA10EE00E73AAF /* Localizable.strings */,
				9A4EE32328CF570300905FF9 /* CSType.swift */,
				9A79192C28D0934800062946 /* Sport.swift */,
				9AF4CE7A28E33EE7002CBC2D /* ConnectManagerService */,
				9A4EE31128CF40C000905FF9 /* State */,
				9A790DF928CA29CB009F2AA4 /* CyberOdinWebSocket */,
				9A790DE728CA1D0D009F2AA4 /* Main */,
				9A79193E28D1E86E00062946 /* Broadcast */,
				9A790DD828C9F35C009F2AA4 /* Assets.xcassets */,
				9A790DDA28C9F35C009F2AA4 /* LaunchScreen.storyboard */,
				9A790DDD28C9F35C009F2AA4 /* Info.plist */,
				9A4EE33928CF8E3800905FF9 /* CSStakesCollection.swift */,
				9A79193828D0976700062946 /* R.generated.swift */,
				9A790E7A28CA3616009F2AA4 /* WsService.swift */,
				9A4EE31428CF43F900905FF9 /* CSFilters.swift */,
				9A790EA928CA368B009F2AA4 /* CSMatch.swift */,
				9A4EE33B28CF8E7F00905FF9 /* CSStake.swift */,
				9A4EE33D28D07DE400905FF9 /* CSPeriodScore.swift */,
				9ACBA99A28D485A300E73AAF /* NewCSStakesCell.swift */,
				9A4EE33E28D07DE400905FF9 /* CSScoreboard.swift */,
				9A4EE33F28D07DE400905FF9 /* CSStream.swift */,
				9A79193C28D0C07B00062946 /* CyberSportFilterCell.swift */,
				9A79192A28D0907B00062946 /* stake.pb.swift */,
				9A79191F28D08ECD00062946 /* CSMoreStakesCell.swift */,
				9A79193028D093FF00062946 /* tournament.pb.swift */,
				9ACBA9A128D9EAF500E73AAF /* illustration_7.json */,
				9AF76E1228DDC3EB0040E574 /* illustration_6.json */,
				9A4EE34028D07DE500905FF9 /* CSTeam.swift */,
				9ACBA99F28D9E99400E73AAF /* CyberSportPlaceholderView.swift */,
				9A79193428D0947400062946 /* subscribe_state.pb.swift */,
				9A79192E28D093B800062946 /* match.pb.swift */,
				9A79192328D08F6B00062946 /* errors.pb.swift */,
				9A79193628D094A300062946 /* ws2_errors.pb.swift */,
				9A79191D28D08E5700062946 /* CSStakeCell.swift */,
				9A79191128D08CF200062946 /* bets_history_v3_get_event_result.pb.swift */,
				9A79191928D08DC200062946 /* TournamentSkeletonCHeader.swift */,
				9A79192528D08FA300062946 /* Colors.swift */,
				9A79193228D0943A00062946 /* sport.pb.swift */,
				9A4EE34528D0809200905FF9 /* Fonts */,
			);
			path = BroadcastOnline;
			sourceTree = "<group>";
		};
		9A790DE728CA1D0D009F2AA4 /* Main */ = {
			isa = PBXGroup;
			children = (
				9AF76E1428DE12810040E574 /* CyberSportFilterSkeletonCell.swift */,
				9A79193A28D0B9C000062946 /* CyberSportFiltersCollection.swift */,
				9A4EE32B28CF877B00905FF9 /* TournamentCollection */,
				9A4EE31628CF4D5200905FF9 /* GamesCollection */,
				9A790DEC28CA1D5D009F2AA4 /* Protocol */,
				9A790DE328C9F8C7009F2AA4 /* MainViewController.swift */,
				9AE4765128D33BD500E59FC0 /* NavigationController.swift */,
				9A790DE828CA1D1C009F2AA4 /* MainPresenter.swift */,
				9A790DEA28CA1D24009F2AA4 /* MainInteractor.swift */,
				9A4EE27C28CB5A9300905FF9 /* CSState.swift */,
				9A4EE30F28CB613F00905FF9 /* CSTournament.swift */,
				9A4EE30D28CB610600905FF9 /* CSSport.swift */,
			);
			name = Main;
			sourceTree = "<group>";
		};
		9A790DEC28CA1D5D009F2AA4 /* Protocol */ = {
			isa = PBXGroup;
			children = (
				9AF76E1028DDB9730040E574 /* NoConnectionViewController.swift */,
				9A790DED28CA1D77009F2AA4 /* MainOutput.swift */,
				9A790DEF28CA1D81009F2AA4 /* MainViewInput.swift */,
			);
			name = Protocol;
			sourceTree = "<group>";
		};
		9A790DF928CA29CB009F2AA4 /* CyberOdinWebSocket */ = {
			isa = PBXGroup;
			children = (
				9A790DFA28CA29CB009F2AA4 /* NWModels */,
				9A790E1C28CA29CB009F2AA4 /* CyberOdinWsService.swift */,
				9A790E1D28CA29CB009F2AA4 /* CyberOdinWsServiceSubjects.swift */,
				9A790E1E28CA29CB009F2AA4 /* CyberOdinWsServiceInterface.swift */,
				9A790E1F28CA29CB009F2AA4 /* CyberOdinWsServiceDependency.swift */,
			);
			path = CyberOdinWebSocket;
			sourceTree = "<group>";
		};
		9A790DFA28CA29CB009F2AA4 /* NWModels */ = {
			isa = PBXGroup;
			children = (
				9A790DFB28CA29CB009F2AA4 /* Models */,
				9A790E0028CA29CB009F2AA4 /* Common */,
				9A790E0228CA29CB009F2AA4 /* RPC */,
			);
			path = NWModels;
			sourceTree = "<group>";
		};
		9A790DFB28CA29CB009F2AA4 /* Models */ = {
			isa = PBXGroup;
			children = (
				9A790DFC28CA29CB009F2AA4 /* etw_model_match.pb.swift */,
				9A790DFD28CA29CB009F2AA4 /* etw_model_stake.pb.swift */,
				9A790DFE28CA29CB009F2AA4 /* etw_model_sport.pb.swift */,
				9A790DFF28CA29CB009F2AA4 /* etw_model_tournament.pb.swift */,
			);
			path = Models;
			sourceTree = "<group>";
		};
		9A790E0028CA29CB009F2AA4 /* Common */ = {
			isa = PBXGroup;
			children = (
				9A790E0128CA29CB009F2AA4 /* etw_common_errors.pb.swift */,
			);
			path = Common;
			sourceTree = "<group>";
		};
		9A790E0228CA29CB009F2AA4 /* RPC */ = {
			isa = PBXGroup;
			children = (
				9A790E0328CA29CB009F2AA4 /* etw_rpc_subscribe_sport.pb.swift */,
				9A790E0428CA29CB009F2AA4 /* etw_rpc_subscribe_full_match.pb.swift */,
				9A790E0528CA29CB009F2AA4 /* NewsLetters */,
				9A790E0C28CA29CB009F2AA4 /* etw_rpc_unsubscribe.pb.swift */,
				9A790E0D28CA29CB009F2AA4 /* etw__rpc_default.pb.swift */,
				9A790E0E28CA29CB009F2AA4 /* etw_rpc_set_settings.pb.swift */,
				9A790E0F28CA29CB009F2AA4 /* etw_rpc_unsubscribe_sport.pb.swift */,
				9A790E1028CA29CB009F2AA4 /* etw_rpc_unsubscribe_full_tournament.pb.swift */,
				9A790E1128CA29CB009F2AA4 /* etw_rpc_unsubscribe_tournament.pb.swift */,
				9A790E1228CA29CB009F2AA4 /* etw_rpc_ping.pb.swift */,
				9A790E1328CA29CB009F2AA4 /* etw_rpc_unsubscribe_stake.pb.swift */,
				9A790E1428CA29CB009F2AA4 /* etw_rpc_subscribe_state.pb.swift */,
				9A790E1528CA29CB009F2AA4 /* etw_rpc_unsubscribe_full_match.pb.swift */,
				9A790E1628CA29CB009F2AA4 /* etw_rpc_unsubscribe_match.pb.swift */,
				9A790E1728CA29CB009F2AA4 /* etw_rpc_subscribe_full_tournament.pb.swift */,
				9A790E1828CA29CB009F2AA4 /* etw_rpc_subscribe_tournament.pb.swift */,
				9A790E1928CA29CB009F2AA4 /* etw_rpc_subscribe_match.pb.swift */,
				9A790E1A28CA29CB009F2AA4 /* etw_rpc_unsubscribe_state.pb.swift */,
				9A790E1B28CA29CB009F2AA4 /* etw_rpc_subscribe_stake.pb.swift */,
			);
			path = RPC;
			sourceTree = "<group>";
		};
		9A790E0528CA29CB009F2AA4 /* NewsLetters */ = {
			isa = PBXGroup;
			children = (
				9A790E0628CA29CB009F2AA4 /* etw_rpc_newsletter_stake.pb.swift */,
				9A790E0728CA29CB009F2AA4 /* etw_rpc_newsletter_full_match.pb.swift */,
				9A790E0828CA29CB009F2AA4 /* etw_rpc_newsletter_match.pb.swift */,
				9A790E0928CA29CB009F2AA4 /* etw_rpc_newsletter_state.pb.swift */,
				9A790E0A28CA29CB009F2AA4 /* etw_rpc_newsletter_tournament.pb.swift */,
				9A790E0B28CA29CB009F2AA4 /* etw_rpc_newsletter_sport.pb.swift */,
			);
			path = NewsLetters;
			sourceTree = "<group>";
		};
		9A79193E28D1E86E00062946 /* Broadcast */ = {
			isa = PBXGroup;
			children = (
				9A79193F28D1E94800062946 /* BroadcastViewController.swift */,
				9A79194328D204CB00062946 /* CSDetailsHeaderTranslationView.swift */,
			);
			path = Broadcast;
			sourceTree = "<group>";
		};
		9AE4763828D3380800E59FC0 /* Roboto */ = {
			isa = PBXGroup;
			children = (
				9AE4763928D3380800E59FC0 /* Roboto-Medium.ttf */,
				9AE4763A28D3380800E59FC0 /* Roboto-Light.ttf */,
				9AE4763B28D3380800E59FC0 /* Roboto-Regular.ttf */,
				9AE4763C28D3380800E59FC0 /* Roboto-MediumItalic.ttf */,
				9AE4763D28D3380800E59FC0 /* Roboto-ThinItalic.ttf */,
				9AE4763E28D3380800E59FC0 /* Roboto-BoldItalic.ttf */,
				9AE4763F28D3380800E59FC0 /* Roboto-LightItalic.ttf */,
				9AE4764028D3380800E59FC0 /* Roboto-Italic.ttf */,
				9AE4764128D3380800E59FC0 /* Roboto-BlackItalic.ttf */,
				9AE4764228D3380800E59FC0 /* Roboto-Bold.ttf */,
				9AE4764328D3380800E59FC0 /* Roboto-Thin.ttf */,
				9AE4764428D3380800E59FC0 /* Roboto-Black.ttf */,
			);
			path = Roboto;
			sourceTree = "<group>";
		};
		9AF4CE7A28E33EE7002CBC2D /* ConnectManagerService */ = {
			isa = PBXGroup;
			children = (
				9AF4CE7B28E33EE7002CBC2D /* ConnectManager.swift */,
				9AF4CE7C28E33EE7002CBC2D /* ConnectManagerInterface.swift */,
				9AF4CE7D28E33EE7002CBC2D /* ConnectManagerDependency.swift */,
			);
			path = ConnectManagerService;
			sourceTree = "<group>";
		};
/* End PBXGroup section */

/* Begin PBXNativeTarget section */
		9A790DCB28C9F358009F2AA4 /* BroadcastOnline */ = {
			isa = PBXNativeTarget;
			buildConfigurationList = 9A790DE028C9F35C009F2AA4 /* Build configuration list for PBXNativeTarget "BroadcastOnline" */;
			buildPhases = (
				EEB69155554EFDEA452ADB20 /* [CP] Check Pods Manifest.lock */,
				9A790DC828C9F358009F2AA4 /* Sources */,
				9A790DC928C9F358009F2AA4 /* Frameworks */,
				9A790DCA28C9F358009F2AA4 /* Resources */,
				9B8E344155FC225A2F152EB4 /* [CP] Embed Pods Frameworks */,
				9A79191028D08B4800062946 /* ShellScript */,
			);
			buildRules = (
			);
			dependencies = (
			);
			name = BroadcastOnline;
			productName = BroadcastOnline;
			productReference = 9A790DCC28C9F358009F2AA4 /* BroadcastOnline.app */;
			productType = "com.apple.product-type.application";
		};
/* End PBXNativeTarget section */

/* Begin PBXProject section */
		9A790DC428C9F358009F2AA4 /* Project object */ = {
			isa = PBXProject;
			attributes = {
				BuildIndependentTargetsInParallel = 1;
				LastSwiftUpdateCheck = 1340;
				LastUpgradeCheck = 1340;
				TargetAttributes = {
					9A790DCB28C9F358009F2AA4 = {
						CreatedOnToolsVersion = 13.4.1;
					};
				};
			};
			buildConfigurationList = 9A790DC728C9F358009F2AA4 /* Build configuration list for PBXProject "BroadcastOnline" */;
			compatibilityVersion = "Xcode 13.0";
			developmentRegion = en;
			hasScannedForEncodings = 0;
			knownRegions = (
				en,
				Base,
				es,
				"pt-PT",
				ru,
			);
			mainGroup = 9A790DC328C9F358009F2AA4;
			productRefGroup = 9A790DCD28C9F358009F2AA4 /* Products */;
			projectDirPath = "";
			projectRoot = "";
			targets = (
				9A790DCB28C9F358009F2AA4 /* BroadcastOnline */,
			);
		};
/* End PBXProject section */

/* Begin PBXResourcesBuildPhase section */
		9A790DCA28C9F358009F2AA4 /* Resources */ = {
			isa = PBXResourcesBuildPhase;
			buildActionMask = 2147483647;
			files = (
				9A4EE37228D0809300905FF9 /* Lato_BB-Regular.otf in Resources */,
				9A4EE37328D0809300905FF9 /* Lucita Grande-Bold.ttf in Resources */,
				9A790DDC28C9F35C009F2AA4 /* LaunchScreen.storyboard in Resources */,
				9ACBA9A228D9EAF600E73AAF /* illustration_7.json in Resources */,
				9AF76E1328DDC3EB0040E574 /* illustration_6.json in Resources */,
				9A4EE36228D0809300905FF9 /* Giorgio Sans LCG Heavy.otf in Resources */,
				9A4EE36628D0809300905FF9 /* Giorgio Sans LCG Extralight Italic.otf in Resources */,
				9AE4764828D3380800E59FC0 /* Roboto-MediumItalic.ttf in Resources */,
				9A790DD928C9F35C009F2AA4 /* Assets.xcassets in Resources */,
				9A4EE37528D0809300905FF9 /* Giorgio Sans LCG Bold.otf in Resources */,
				9A4EE36B28D0809300905FF9 /* Giorgio Sans LCG Light.otf in Resources */,
				9A4EE37828D0809300905FF9 /* Gilroy-Medium.otf in Resources */,
				9A4EE36428D0809300905FF9 /* Giorgio Sans LCG Medium Italic.otf in Resources */,
				9A4EE36528D0809300905FF9 /* Giorgio Sans LCG Regular Italic.otf in Resources */,
				9AE4764A28D3380800E59FC0 /* Roboto-BoldItalic.ttf in Resources */,
				9A4EE36A28D0809300905FF9 /* Giorgio Sans LCG Medium.otf in Resources */,
				9AE4764F28D3380800E59FC0 /* Roboto-Thin.ttf in Resources */,
				9AE4764728D3380800E59FC0 /* Roboto-Regular.ttf in Resources */,
				9A4EE37928D0809300905FF9 /* Gilroy-Bold.otf in Resources */,
				9A4EE36F28D0809300905FF9 /* Giorgio Sans LCG Extralight.otf in Resources */,
				9A4EE36D28D0809300905FF9 /* Giorgio Sans LCG Thin.otf in Resources */,
				9A4EE36E28D0809300905FF9 /* Giorgio Sans LCG Black.otf in Resources */,
				9A4EE36828D0809300905FF9 /* Giorgio Sans LCG Regular.otf in Resources */,
				9A4EE37128D0809300905FF9 /* Lato_BB-Bold.otf in Resources */,
				9A4EE37628D0809300905FF9 /* Lucita Grande.ttf in Resources */,
				9AE4764628D3380800E59FC0 /* Roboto-Light.ttf in Resources */,
				9A4EE36728D0809300905FF9 /* Giorgio Sans LCG Thin Italic.otf in Resources */,
				9A4EE36C28D0809300905FF9 /* Giorgio Sans LCG Heavy Italic.otf in Resources */,
				9A4EE37428D0809300905FF9 /* SFProDisplay-Regular.ttf in Resources */,
				9A4EE36928D0809300905FF9 /* Giorgio Sans LCG Black Italic.otf in Resources */,
				9A790DD728C9F358009F2AA4 /* Main.storyboard in Resources */,
				9AE4764B28D3380800E59FC0 /* Roboto-LightItalic.ttf in Resources */,
				9AE4764528D3380800E59FC0 /* Roboto-Medium.ttf in Resources */,
				9ACBA9A528DA10EE00E73AAF /* Localizable.strings in Resources */,
				9AE4764928D3380800E59FC0 /* Roboto-ThinItalic.ttf in Resources */,
				9AE4764E28D3380800E59FC0 /* Roboto-Bold.ttf in Resources */,
				9AE4764D28D3380800E59FC0 /* Roboto-BlackItalic.ttf in Resources */,
				9A4EE36328D0809300905FF9 /* Giorgio Sans LCG Bold Italic.otf in Resources */,
				9AE4765028D3380800E59FC0 /* Roboto-Black.ttf in Resources */,
				9AE4764C28D3380800E59FC0 /* Roboto-Italic.ttf in Resources */,
				9A4EE37728D0809300905FF9 /* Gilroy_BB-Bold.otf in Resources */,
				9A4EE37028D0809300905FF9 /* Giorgio Sans LCG Light Italic.otf in Resources */,
			);
			runOnlyForDeploymentPostprocessing = 0;
		};
/* End PBXResourcesBuildPhase section */

/* Begin PBXShellScriptBuildPhase section */
		9A79191028D08B4800062946 /* ShellScript */ = {
			isa = PBXShellScriptBuildPhase;
			alwaysOutOfDate = 1;
			buildActionMask = 2147483647;
			files = (
			);
			inputFileListPaths = (
			);
			inputPaths = (
			);
			outputFileListPaths = (
			);
			outputPaths = (
				" $SRCROOT/R.generated.swift",
			);
			runOnlyForDeploymentPostprocessing = 0;
			shellPath = /bin/sh;
			shellScript = "\"$PODS_ROOT/R.swift/rswift\" generate \"$SRCROOT/R.generated.swift\"\n";
		};
		9B8E344155FC225A2F152EB4 /* [CP] Embed Pods Frameworks */ = {
			isa = PBXShellScriptBuildPhase;
			buildActionMask = 2147483647;
			files = (
			);
			inputFileListPaths = (
				"${PODS_ROOT}/Target Support Files/Pods-BroadcastOnline/Pods-BroadcastOnline-frameworks-${CONFIGURATION}-input-files.xcfilelist",
			);
			name = "[CP] Embed Pods Frameworks";
			outputFileListPaths = (
				"${PODS_ROOT}/Target Support Files/Pods-BroadcastOnline/Pods-BroadcastOnline-frameworks-${CONFIGURATION}-output-files.xcfilelist",
			);
			runOnlyForDeploymentPostprocessing = 0;
			shellPath = /bin/sh;
			shellScript = "\"${PODS_ROOT}/Target Support Files/Pods-BroadcastOnline/Pods-BroadcastOnline-frameworks.sh\"\n";
			showEnvVarsInLog = 0;
		};
		EEB69155554EFDEA452ADB20 /* [CP] Check Pods Manifest.lock */ = {
			isa = PBXShellScriptBuildPhase;
			buildActionMask = 2147483647;
			files = (
			);
			inputFileListPaths = (
			);
			inputPaths = (
				"${PODS_PODFILE_DIR_PATH}/Podfile.lock",
				"${PODS_ROOT}/Manifest.lock",
			);
			name = "[CP] Check Pods Manifest.lock";
			outputFileListPaths = (
			);
			outputPaths = (
				"$(DERIVED_FILE_DIR)/Pods-BroadcastOnline-checkManifestLockResult.txt",
			);
			runOnlyForDeploymentPostprocessing = 0;
			shellPath = /bin/sh;
			shellScript = "diff \"${PODS_PODFILE_DIR_PATH}/Podfile.lock\" \"${PODS_ROOT}/Manifest.lock\" > /dev/null\nif [ $? != 0 ] ; then\n    # print error to STDERR\n    echo \"error: The sandbox is not in sync with the Podfile.lock. Run 'pod install' or update your CocoaPods installation.\" >&2\n    exit 1\nfi\n# This output is used by Xcode 'outputs' to avoid re-running this script phase.\necho \"SUCCESS\" > \"${SCRIPT_OUTPUT_FILE_0}\"\n";
			showEnvVarsInLog = 0;
		};
/* End PBXShellScriptBuildPhase section */

/* Begin PBXSourcesBuildPhase section */
		9A790DC828C9F358009F2AA4 /* Sources */ = {
			isa = PBXSourcesBuildPhase;
			buildActionMask = 2147483647;
			files = (
				9ACBA99E28D8C00800E73AAF /* CSStakesCollection.swift in Sources */,
				9A790E3A28CA29CB009F2AA4 /* etw_rpc_subscribe_match.pb.swift in Sources */,
				9A79192428D08F6B00062946 /* errors.pb.swift in Sources */,
				9A790E2228CA29CB009F2AA4 /* etw_model_sport.pb.swift in Sources */,
				9AF76E1528DE12810040E574 /* CyberSportFilterSkeletonCell.swift in Sources */,
				9A790DE928CA1D1C009F2AA4 /* MainPresenter.swift in Sources */,
				9A4EE31028CB613F00905FF9 /* CSTournament.swift in Sources */,
				9A790E2528CA29CB009F2AA4 /* etw_rpc_subscribe_sport.pb.swift in Sources */,
				9A4EE31D28CF4D5200905FF9 /* CyberSportGamesCollection.swift in Sources */,
				9A790E3828CA29CB009F2AA4 /* etw_rpc_subscribe_full_tournament.pb.swift in Sources */,
				9A4EE32828CF637D00905FF9 /* Extensions.swift in Sources */,
				9A790E2428CA29CB009F2AA4 /* etw_common_errors.pb.swift in Sources */,
				9A4EE31E28CF4D5200905FF9 /* CyberSportIconView.swift in Sources */,
				9A79191E28D08E5700062946 /* CSStakeCell.swift in Sources */,
				9A790EA828CA3617009F2AA4 /* WsService.swift in Sources */,
				9A4EE33428CF877B00905FF9 /* CSTournamentHeader.swift in Sources */,
				9A79193928D0976700062946 /* R.generated.swift in Sources */,
				9A790DEE28CA1D77009F2AA4 /* MainOutput.swift in Sources */,
				9A790E3D28CA29CB009F2AA4 /* CyberOdinWsService.swift in Sources */,
				9AF76E1128DDB9730040E574 /* NoConnectionViewController.swift in Sources */,
				9A4EE33C28CF8E7F00905FF9 /* CSStake.swift in Sources */,
				9A4EE32A28CF818600905FF9 /* CyberSportTournamentsCollection.swift in Sources */,
				9A790E3228CA29CB009F2AA4 /* etw_rpc_unsubscribe_tournament.pb.swift in Sources */,
				9A79191A28D08DC200062946 /* TournamentSkeletonCHeader.swift in Sources */,
				9A4EE34128D07DE500905FF9 /* CSPeriodScore.swift in Sources */,
				9A790E3B28CA29CB009F2AA4 /* etw_rpc_unsubscribe_state.pb.swift in Sources */,
				9A790E2328CA29CB009F2AA4 /* etw_model_tournament.pb.swift in Sources */,
				9A790E4028CA29CB009F2AA4 /* CyberOdinWsServiceDependency.swift in Sources */,
				9A790DD028C9F358009F2AA4 /* AppDelegate.swift in Sources */,
				9A4EE31528CF43F900905FF9 /* CSFilters.swift in Sources */,
				9A790E3F28CA29CB009F2AA4 /* CyberOdinWsServiceInterface.swift in Sources */,
				9A790E2628CA29CB009F2AA4 /* etw_rpc_subscribe_full_match.pb.swift in Sources */,
				9A4EE33528CF877B00905FF9 /* CSMatchSkeletonCell.swift in Sources */,
				9A79192028D08ECD00062946 /* CSMoreStakesCell.swift in Sources */,
				9A790E2128CA29CB009F2AA4 /* etw_model_stake.pb.swift in Sources */,
				9AE4765228D33BD500E59FC0 /* NavigationController.swift in Sources */,
				9A79192628D08FA300062946 /* Colors.swift in Sources */,
				9A790DD228C9F358009F2AA4 /* SceneDelegate.swift in Sources */,
				9A790E2F28CA29CB009F2AA4 /* etw_rpc_set_settings.pb.swift in Sources */,
				9A79193D28D0C07B00062946 /* CyberSportFilterCell.swift in Sources */,
				9A4EE32428CF570300905FF9 /* CSType.swift in Sources */,
				9A4EE31F28CF4D5200905FF9 /* CyberSportGameSkeletonCell.swift in Sources */,
				9A790E3928CA29CB009F2AA4 /* etw_rpc_subscribe_tournament.pb.swift in Sources */,
				9A79192B28D0907B00062946 /* stake.pb.swift in Sources */,
				9A790DE428C9F8C7009F2AA4 /* MainViewController.swift in Sources */,
				9A79193528D0947400062946 /* subscribe_state.pb.swift in Sources */,
				9A790E2E28CA29CB009F2AA4 /* etw__rpc_default.pb.swift in Sources */,
				9A79192F28D093B800062946 /* match.pb.swift in Sources */,
				9A4EE33628CF877B00905FF9 /* CSMatchBaseCell.swift in Sources */,
				9A4EE31328CF40C000905FF9 /* CyberSportMainState.swift in Sources */,
				9A790E2B28CA29CB009F2AA4 /* etw_rpc_newsletter_tournament.pb.swift in Sources */,
				9A4EE34328D07DE500905FF9 /* CSStream.swift in Sources */,
				9A790E3728CA29CB009F2AA4 /* etw_rpc_unsubscribe_match.pb.swift in Sources */,
				9A790E3328CA29CB009F2AA4 /* etw_rpc_ping.pb.swift in Sources */,
				9A79193328D0943A00062946 /* sport.pb.swift in Sources */,
				9A790E2728CA29CB009F2AA4 /* etw_rpc_newsletter_stake.pb.swift in Sources */,
				9AF4CE7E28E33EE8002CBC2D /* ConnectManager.swift in Sources */,
				9A790E3E28CA29CB009F2AA4 /* CyberOdinWsServiceSubjects.swift in Sources */,
				9A790DF628CA1E27009F2AA4 /* ViewOutput.swift in Sources */,
				9A4EE32228CF56AB00905FF9 /* Reusable.swift in Sources */,
				9A790E3628CA29CB009F2AA4 /* etw_rpc_unsubscribe_full_match.pb.swift in Sources */,
				9A790EAA28CA368B009F2AA4 /* CSMatch.swift in Sources */,
				9ACBA99D28D89FEE00E73AAF /* CSDefaultMatchCell.swift in Sources */,
				9A4EE30E28CB610600905FF9 /* CSSport.swift in Sources */,
				9A790DF028CA1D81009F2AA4 /* MainViewInput.swift in Sources */,
				9AF4CE7F28E33EE8002CBC2D /* ConnectManagerInterface.swift in Sources */,
				9A79192D28D0934900062946 /* Sport.swift in Sources */,
				9A4EE27D28CB5A9300905FF9 /* CSState.swift in Sources */,
				9A790E2028CA29CB009F2AA4 /* etw_model_match.pb.swift in Sources */,
				9AE4765428D355F100E59FC0 /* MakeBetVIewController.swift in Sources */,
				9A790E3C28CA29CB009F2AA4 /* etw_rpc_subscribe_stake.pb.swift in Sources */,
				9A790E2A28CA29CB009F2AA4 /* etw_rpc_newsletter_state.pb.swift in Sources */,
				9A790DF828CA1E82009F2AA4 /* ViewInput.swift in Sources */,
				9A790E3028CA29CB009F2AA4 /* etw_rpc_unsubscribe_sport.pb.swift in Sources */,
				9A79193728D094A300062946 /* ws2_errors.pb.swift in Sources */,
				9ACBA99B28D485A300E73AAF /* NewCSStakesCell.swift in Sources */,
				9A79191228D08CF200062946 /* bets_history_v3_get_event_result.pb.swift in Sources */,
				9A79194428D204CC00062946 /* CSDetailsHeaderTranslationView.swift in Sources */,
				9A4EE32628CF5C8000905FF9 /* UIColor.swift in Sources */,
				9A790E2928CA29CB009F2AA4 /* etw_rpc_newsletter_match.pb.swift in Sources */,
				9A4EE31C28CF4D5200905FF9 /* CyberSportGameCell.swift in Sources */,
				9ACBA9A028D9E99500E73AAF /* CyberSportPlaceholderView.swift in Sources */,
				9A4EE34428D07DE500905FF9 /* CSTeam.swift in Sources */,
				9A790E3528CA29CB009F2AA4 /* etw_rpc_subscribe_state.pb.swift in Sources */,
				9A79193B28D0B9C000062946 /* CyberSportFiltersCollection.swift in Sources */,
				9A79193128D0940000062946 /* tournament.pb.swift in Sources */,
				9A790E3428CA29CB009F2AA4 /* etw_rpc_unsubscribe_stake.pb.swift in Sources */,
				9A790E2C28CA29CB009F2AA4 /* etw_rpc_newsletter_sport.pb.swift in Sources */,
				9A4EE34228D07DE500905FF9 /* CSScoreboard.swift in Sources */,
				9A790DEB28CA1D24009F2AA4 /* MainInteractor.swift in Sources */,
				9A790E3128CA29CB009F2AA4 /* etw_rpc_unsubscribe_full_tournament.pb.swift in Sources */,
				9A790E2828CA29CB009F2AA4 /* etw_rpc_newsletter_full_match.pb.swift in Sources */,
				9A4EE32028CF4D5200905FF9 /* CyberSportIconImageView.swift in Sources */,
				9AF4CE8028E33EE8002CBC2D /* ConnectManagerDependency.swift in Sources */,
				9A79194028D1E94800062946 /* BroadcastViewController.swift in Sources */,
				9A790E2D28CA29CB009F2AA4 /* etw_rpc_unsubscribe.pb.swift in Sources */,
			);
			runOnlyForDeploymentPostprocessing = 0;
		};
/* End PBXSourcesBuildPhase section */

/* Begin PBXVariantGroup section */
		9A790DD528C9F358009F2AA4 /* Main.storyboard */ = {
			isa = PBXVariantGroup;
			children = (
				9A790DD628C9F358009F2AA4 /* Base */,
				9ACBA9A828DA12FB00E73AAF /* es */,
				9ACBA9AB28DA131700E73AAF /* pt-PT */,
				9ACBA9AE28DA134C00E73AAF /* ru */,
				9ACBA9B228DA15A300E73AAF /* en */,
			);
			name = Main.storyboard;
			sourceTree = "<group>";
		};
		9A790DDA28C9F35C009F2AA4 /* LaunchScreen.storyboard */ = {
			isa = PBXVariantGroup;
			children = (
				9A790DDB28C9F35C009F2AA4 /* Base */,
				9ACBA9A928DA12FC00E73AAF /* es */,
				9ACBA9AC28DA131700E73AAF /* pt-PT */,
				9ACBA9AF28DA134C00E73AAF /* ru */,
			);
			name = LaunchScreen.storyboard;
			sourceTree = "<group>";
		};
		9ACBA9A728DA10EE00E73AAF /* Localizable.strings */ = {
			isa = PBXVariantGroup;
			children = (
				9ACBA9A628DA10EE00E73AAF /* en */,
				9ACBA9AA28DA12FC00E73AAF /* es */,
				9ACBA9AD28DA131700E73AAF /* pt-PT */,
				9ACBA9B028DA134C00E73AAF /* ru */,
			);
			name = Localizable.strings;
			sourceTree = "<group>";
		};
/* End PBXVariantGroup section */

/* Begin XCBuildConfiguration section */
		9A790DDE28C9F35C009F2AA4 /* Debug */ = {
			isa = XCBuildConfiguration;
			buildSettings = {
				ALWAYS_SEARCH_USER_PATHS = NO;
				CLANG_ANALYZER_LOCALIZABILITY_NONLOCALIZED = YES;
				CLANG_ANALYZER_NONNULL = YES;
				CLANG_ANALYZER_NUMBER_OBJECT_CONVERSION = YES_AGGRESSIVE;
				CLANG_CXX_LANGUAGE_STANDARD = "gnu++17";
				CLANG_ENABLE_MODULES = YES;
				CLANG_ENABLE_OBJC_ARC = YES;
				CLANG_ENABLE_OBJC_WEAK = YES;
				CLANG_WARN_BLOCK_CAPTURE_AUTORELEASING = YES;
				CLANG_WARN_BOOL_CONVERSION = YES;
				CLANG_WARN_COMMA = YES;
				CLANG_WARN_CONSTANT_CONVERSION = YES;
				CLANG_WARN_DEPRECATED_OBJC_IMPLEMENTATIONS = YES;
				CLANG_WARN_DIRECT_OBJC_ISA_USAGE = YES_ERROR;
				CLANG_WARN_DOCUMENTATION_COMMENTS = YES;
				CLANG_WARN_EMPTY_BODY = YES;
				CLANG_WARN_ENUM_CONVERSION = YES;
				CLANG_WARN_INFINITE_RECURSION = YES;
				CLANG_WARN_INT_CONVERSION = YES;
				CLANG_WARN_NON_LITERAL_NULL_CONVERSION = YES;
				CLANG_WARN_OBJC_IMPLICIT_RETAIN_SELF = YES;
				CLANG_WARN_OBJC_LITERAL_CONVERSION = YES;
				CLANG_WARN_OBJC_ROOT_CLASS = YES_ERROR;
				CLANG_WARN_QUOTED_INCLUDE_IN_FRAMEWORK_HEADER = YES;
				CLANG_WARN_RANGE_LOOP_ANALYSIS = YES;
				CLANG_WARN_STRICT_PROTOTYPES = YES;
				CLANG_WARN_SUSPICIOUS_MOVE = YES;
				CLANG_WARN_UNGUARDED_AVAILABILITY = YES_AGGRESSIVE;
				CLANG_WARN_UNREACHABLE_CODE = YES;
				CLANG_WARN__DUPLICATE_METHOD_MATCH = YES;
				COPY_PHASE_STRIP = NO;
				DEBUG_INFORMATION_FORMAT = dwarf;
				ENABLE_STRICT_OBJC_MSGSEND = YES;
				ENABLE_TESTABILITY = YES;
				GCC_C_LANGUAGE_STANDARD = gnu11;
				GCC_DYNAMIC_NO_PIC = NO;
				GCC_NO_COMMON_BLOCKS = YES;
				GCC_OPTIMIZATION_LEVEL = 0;
				GCC_PREPROCESSOR_DEFINITIONS = (
					"DEBUG=1",
					"$(inherited)",
				);
				GCC_WARN_64_TO_32_BIT_CONVERSION = YES;
				GCC_WARN_ABOUT_RETURN_TYPE = YES_ERROR;
				GCC_WARN_UNDECLARED_SELECTOR = YES;
				GCC_WARN_UNINITIALIZED_AUTOS = YES_AGGRESSIVE;
				GCC_WARN_UNUSED_FUNCTION = YES;
				GCC_WARN_UNUSED_VARIABLE = YES;
				IPHONEOS_DEPLOYMENT_TARGET = 15.5;
				MTL_ENABLE_DEBUG_INFO = INCLUDE_SOURCE;
				MTL_FAST_MATH = YES;
				ONLY_ACTIVE_ARCH = YES;
				SDKROOT = iphoneos;
				SWIFT_ACTIVE_COMPILATION_CONDITIONS = DEBUG;
				SWIFT_OPTIMIZATION_LEVEL = "-Onone";
			};
			name = Debug;
		};
		9A790DDF28C9F35C009F2AA4 /* Release */ = {
			isa = XCBuildConfiguration;
			buildSettings = {
				ALWAYS_SEARCH_USER_PATHS = NO;
				CLANG_ANALYZER_LOCALIZABILITY_NONLOCALIZED = YES;
				CLANG_ANALYZER_NONNULL = YES;
				CLANG_ANALYZER_NUMBER_OBJECT_CONVERSION = YES_AGGRESSIVE;
				CLANG_CXX_LANGUAGE_STANDARD = "gnu++17";
				CLANG_ENABLE_MODULES = YES;
				CLANG_ENABLE_OBJC_ARC = YES;
				CLANG_ENABLE_OBJC_WEAK = YES;
				CLANG_WARN_BLOCK_CAPTURE_AUTORELEASING = YES;
				CLANG_WARN_BOOL_CONVERSION = YES;
				CLANG_WARN_COMMA = YES;
				CLANG_WARN_CONSTANT_CONVERSION = YES;
				CLANG_WARN_DEPRECATED_OBJC_IMPLEMENTATIONS = YES;
				CLANG_WARN_DIRECT_OBJC_ISA_USAGE = YES_ERROR;
				CLANG_WARN_DOCUMENTATION_COMMENTS = YES;
				CLANG_WARN_EMPTY_BODY = YES;
				CLANG_WARN_ENUM_CONVERSION = YES;
				CLANG_WARN_INFINITE_RECURSION = YES;
				CLANG_WARN_INT_CONVERSION = YES;
				CLANG_WARN_NON_LITERAL_NULL_CONVERSION = YES;
				CLANG_WARN_OBJC_IMPLICIT_RETAIN_SELF = YES;
				CLANG_WARN_OBJC_LITERAL_CONVERSION = YES;
				CLANG_WARN_OBJC_ROOT_CLASS = YES_ERROR;
				CLANG_WARN_QUOTED_INCLUDE_IN_FRAMEWORK_HEADER = YES;
				CLANG_WARN_RANGE_LOOP_ANALYSIS = YES;
				CLANG_WARN_STRICT_PROTOTYPES = YES;
				CLANG_WARN_SUSPICIOUS_MOVE = YES;
				CLANG_WARN_UNGUARDED_AVAILABILITY = YES_AGGRESSIVE;
				CLANG_WARN_UNREACHABLE_CODE = YES;
				CLANG_WARN__DUPLICATE_METHOD_MATCH = YES;
				COPY_PHASE_STRIP = NO;
				DEBUG_INFORMATION_FORMAT = "dwarf-with-dsym";
				ENABLE_NS_ASSERTIONS = NO;
				ENABLE_STRICT_OBJC_MSGSEND = YES;
				GCC_C_LANGUAGE_STANDARD = gnu11;
				GCC_NO_COMMON_BLOCKS = YES;
				GCC_WARN_64_TO_32_BIT_CONVERSION = YES;
				GCC_WARN_ABOUT_RETURN_TYPE = YES_ERROR;
				GCC_WARN_UNDECLARED_SELECTOR = YES;
				GCC_WARN_UNINITIALIZED_AUTOS = YES_AGGRESSIVE;
				GCC_WARN_UNUSED_FUNCTION = YES;
				GCC_WARN_UNUSED_VARIABLE = YES;
				IPHONEOS_DEPLOYMENT_TARGET = 15.5;
				MTL_ENABLE_DEBUG_INFO = NO;
				MTL_FAST_MATH = YES;
				SDKROOT = iphoneos;
				SWIFT_COMPILATION_MODE = wholemodule;
				SWIFT_OPTIMIZATION_LEVEL = "-O";
				VALIDATE_PRODUCT = YES;
			};
			name = Release;
		};
		9A790DE128C9F35C009F2AA4 /* Debug */ = {
			isa = XCBuildConfiguration;
			baseConfigurationReference = F44A24DBE9FF638C35EB38AE /* Pods-BroadcastOnline.debug.xcconfig */;
			buildSettings = {
				ASSETCATALOG_COMPILER_APPICON_NAME = AppIcon;
				ASSETCATALOG_COMPILER_GLOBAL_ACCENT_COLOR_NAME = AccentColor;
				CODE_SIGN_STYLE = Automatic;
				CURRENT_PROJECT_VERSION = 2;
				DEVELOPMENT_TEAM = 5XHJ5W6A53;
				GENERATE_INFOPLIST_FILE = YES;
				INFOPLIST_FILE = BroadcastOnline/Info.plist;
				INFOPLIST_KEY_CFBundleDisplayName = "Broadcast Online";
				INFOPLIST_KEY_UIApplicationSupportsIndirectInputEvents = YES;
				INFOPLIST_KEY_UILaunchStoryboardName = LaunchScreen;
				INFOPLIST_KEY_UIMainStoryboardFile = Main;
				INFOPLIST_KEY_UISupportedInterfaceOrientations = UIInterfaceOrientationPortrait;
				INFOPLIST_KEY_UISupportedInterfaceOrientations_iPad = "UIInterfaceOrientationPortrait UIInterfaceOrientationPortraitUpsideDown UIInterfaceOrientationLandscapeLeft UIInterfaceOrientationLandscapeRight";
				INFOPLIST_KEY_UISupportedInterfaceOrientations_iPhone = "UIInterfaceOrientationPortrait UIInterfaceOrientationLandscapeLeft UIInterfaceOrientationLandscapeRight";
				IPHONEOS_DEPLOYMENT_TARGET = 13.0;
				LD_RUNPATH_SEARCH_PATHS = (
					"$(inherited)",
					"@executable_path/Frameworks",
				);
				MARKETING_VERSION = 1.0;
				PRODUCT_BUNDLE_IDENTIFIER = cxx.BroadcastOnline;
				PRODUCT_NAME = "$(TARGET_NAME)";
				SWIFT_EMIT_LOC_STRINGS = YES;
				SWIFT_VERSION = 5.0;
				TARGETED_DEVICE_FAMILY = 1;
			};
			name = Debug;
		};
		9A790DE228C9F35C009F2AA4 /* Release */ = {
			isa = XCBuildConfiguration;
			baseConfigurationReference = FE7501537DFD11AE83E49500 /* Pods-BroadcastOnline.release.xcconfig */;
			buildSettings = {
				ASSETCATALOG_COMPILER_APPICON_NAME = AppIcon;
				ASSETCATALOG_COMPILER_GLOBAL_ACCENT_COLOR_NAME = AccentColor;
				CODE_SIGN_STYLE = Automatic;
				CURRENT_PROJECT_VERSION = 2;
				DEVELOPMENT_TEAM = 5XHJ5W6A53;
				GENERATE_INFOPLIST_FILE = YES;
				INFOPLIST_FILE = BroadcastOnline/Info.plist;
				INFOPLIST_KEY_CFBundleDisplayName = "Broadcast Online";
				INFOPLIST_KEY_UIApplicationSupportsIndirectInputEvents = YES;
				INFOPLIST_KEY_UILaunchStoryboardName = LaunchScreen;
				INFOPLIST_KEY_UIMainStoryboardFile = Main;
				INFOPLIST_KEY_UISupportedInterfaceOrientations = UIInterfaceOrientationPortrait;
				INFOPLIST_KEY_UISupportedInterfaceOrientations_iPad = "UIInterfaceOrientationPortrait UIInterfaceOrientationPortraitUpsideDown UIInterfaceOrientationLandscapeLeft UIInterfaceOrientationLandscapeRight";
				INFOPLIST_KEY_UISupportedInterfaceOrientations_iPhone = "UIInterfaceOrientationPortrait UIInterfaceOrientationLandscapeLeft UIInterfaceOrientationLandscapeRight";
				IPHONEOS_DEPLOYMENT_TARGET = 13.0;
				LD_RUNPATH_SEARCH_PATHS = (
					"$(inherited)",
					"@executable_path/Frameworks",
				);
				MARKETING_VERSION = 1.0;
				PRODUCT_BUNDLE_IDENTIFIER = cxx.BroadcastOnline;
				PRODUCT_NAME = "$(TARGET_NAME)";
				SWIFT_EMIT_LOC_STRINGS = YES;
				SWIFT_VERSION = 5.0;
				TARGETED_DEVICE_FAMILY = 1;
			};
			name = Release;
		};
/* End XCBuildConfiguration section */

/* Begin XCConfigurationList section */
		9A790DC728C9F358009F2AA4 /* Build configuration list for PBXProject "BroadcastOnline" */ = {
			isa = XCConfigurationList;
			buildConfigurations = (
				9A790DDE28C9F35C009F2AA4 /* Debug */,
				9A790DDF28C9F35C009F2AA4 /* Release */,
			);
			defaultConfigurationIsVisible = 0;
			defaultConfigurationName = Release;
		};
		9A790DE028C9F35C009F2AA4 /* Build configuration list for PBXNativeTarget "BroadcastOnline" */ = {
			isa = XCConfigurationList;
			buildConfigurations = (
				9A790DE128C9F35C009F2AA4 /* Debug */,
				9A790DE228C9F35C009F2AA4 /* Release */,
			);
			defaultConfigurationIsVisible = 0;
			defaultConfigurationName = Release;
		};
/* End XCConfigurationList section */
	};
	rootObject = 9A790DC428C9F358009F2AA4 /* Project object */;
}
